// !$*UTF8*$!
{
	archiveVersion = 1;
	classes = {
	};
	objectVersion = 46;
	objects = {

/* Begin PBXBuildFile section */
		22815E821E80FB4600CBBCBC /* main.m in Sources */ = {isa = PBXBuildFile; fileRef = 22815E811E80FB4600CBBCBC /* main.m */; };
		22815E851E80FB4600CBBCBC /* AppDelegate.m in Sources */ = {isa = PBXBuildFile; fileRef = 22815E841E80FB4600CBBCBC /* AppDelegate.m */; };
		22815E881E80FB4600CBBCBC /* ViewController.m in Sources */ = {isa = PBXBuildFile; fileRef = 22815E871E80FB4600CBBCBC /* ViewController.m */; };
		22815E8B1E80FB4600CBBCBC /* Main.storyboard in Resources */ = {isa = PBXBuildFile; fileRef = 22815E891E80FB4600CBBCBC /* Main.storyboard */; };
		22815E8D1E80FB4600CBBCBC /* Assets.xcassets in Resources */ = {isa = PBXBuildFile; fileRef = 22815E8C1E80FB4600CBBCBC /* Assets.xcassets */; };
		22815E901E80FB4600CBBCBC /* LaunchScreen.storyboard in Resources */ = {isa = PBXBuildFile; fileRef = 22815E8E1E80FB4600CBBCBC /* LaunchScreen.storyboard */; };
/* End PBXBuildFile section */

/* Begin PBXFileReference section */
		22815E7D1E80FB4600CBBCBC /* test2017-03-21 14:10:04.app */ = {isa = PBXFileReference; explicitFileType = wrapper.application; includeInIndex = 0; path = "test2017-03-21 14:10:04.app"; sourceTree = BUILT_PRODUCTS_DIR; };
		22815E811E80FB4600CBBCBC /* main.m */ = {isa = PBXFileReference; lastKnownFileType = sourcecode.c.objc; path = main.m; sourceTree = "<group>"; };
		22815E831E80FB4600CBBCBC /* AppDelegate.h */ = {isa = PBXFileReference; lastKnownFileType = sourcecode.c.h; path = AppDelegate.h; sourceTree = "<group>"; };
		22815E841E80FB4600CBBCBC /* AppDelegate.m */ = {isa = PBXFileReference; lastKnownFileType = sourcecode.c.objc; path = AppDelegate.m; sourceTree = "<group>"; };
		22815E861E80FB4600CBBCBC /* ViewController.h */ = {isa = PBXFileReference; lastKnownFileType = sourcecode.c.h; path = ViewController.h; sourceTree = "<group>"; };
		22815E871E80FB4600CBBCBC /* ViewController.m */ = {isa = PBXFileReference; lastKnownFileType = sourcecode.c.objc; path = ViewController.m; sourceTree = "<group>"; };
		22815E8A1E80FB4600CBBCBC /* Base */ = {isa = PBXFileReference; lastKnownFileType = file.storyboard; name = Base; path = Base.lproj/Main.storyboard; sourceTree = "<group>"; };
		22815E8C1E80FB4600CBBCBC /* Assets.xcassets */ = {isa = PBXFileReference; lastKnownFileType = folder.assetcatalog; path = Assets.xcassets; sourceTree = "<group>"; };
		22815E8F1E80FB4600CBBCBC /* Base */ = {isa = PBXFileReference; lastKnownFileType = file.storyboard; name = Base; path = Base.lproj/LaunchScreen.storyboard; sourceTree = "<group>"; };
		22815E911E80FB4600CBBCBC /* Info.plist */ = {isa = PBXFileReference; lastKnownFileType = text.plist.xml; path = Info.plist; sourceTree = "<group>"; };
/* End PBXFileReference section */

/* Begin PBXFrameworksBuildPhase section */
		22815E7A1E80FB4600CBBCBC /* Frameworks */ = {
			isa = PBXFrameworksBuildPhase;
			buildActionMask = 2147483647;
			files = (
			);
			runOnlyForDeploymentPostprocessing = 0;
		};
/* End PBXFrameworksBuildPhase section */

/* Begin PBXGroup section */
		22815E741E80FB4500CBBCBC = {
			isa = PBXGroup;
			children = (
				22815E7F1E80FB4600CBBCBC /* test2017-03-21 14:10:04 */,
				22815E7E1E80FB4600CBBCBC /* Products */,
			);
			sourceTree = "<group>";
		};
		22815E7E1E80FB4600CBBCBC /* Products */ = {
			isa = PBXGroup;
			children = (
				22815E7D1E80FB4600CBBCBC /* test2017-03-21 14:10:04.app */,
			);
			name = Products;
			sourceTree = "<group>";
		};
		22815E7F1E80FB4600CBBCBC /* test2017-03-21 14:10:04 */ = {
			isa = PBXGroup;
			children = (
				22815E831E80FB4600CBBCBC /* AppDelegate.h */,
				22815E841E80FB4600CBBCBC /* AppDelegate.m */,
				22815E861E80FB4600CBBCBC /* ViewController.h */,
				22815E871E80FB4600CBBCBC /* ViewController.m */,
				22815E891E80FB4600CBBCBC /* Main.storyboard */,
				22815E8C1E80FB4600CBBCBC /* Assets.xcassets */,
				22815E8E1E80FB4600CBBCBC /* LaunchScreen.storyboard */,
				22815E911E80FB4600CBBCBC /* Info.plist */,
				22815E801E80FB4600CBBCBC /* Supporting Files */,
			);
			path = "test2017-03-21 14:10:04";
			sourceTree = "<group>";
		};
		22815E801E80FB4600CBBCBC /* Supporting Files */ = {
			isa = PBXGroup;
			children = (
				22815E811E80FB4600CBBCBC /* main.m */,
			);
			name = "Supporting Files";
			sourceTree = "<group>";
		};
/* End PBXGroup section */

/* Begin PBXNativeTarget section */
		22815E7C1E80FB4600CBBCBC /* test2017-03-21 14:10:04 */ = {
			isa = PBXNativeTarget;
			buildConfigurationList = 22815E941E80FB4600CBBCBC /* Build configuration list for PBXNativeTarget "test2017-03-21 14:10:04" */;
			buildPhases = (
				22815E791E80FB4600CBBCBC /* Sources */,
				22815E7A1E80FB4600CBBCBC /* Frameworks */,
				22815E7B1E80FB4600CBBCBC /* Resources */,
			);
			buildRules = (
			);
			dependencies = (
			);
			name = "test2017-03-21 14:10:04";
			productName = "test2017-03-21 14:10:04";
			productReference = 22815E7D1E80FB4600CBBCBC /* test2017-03-21 14:10:04.app */;
			productType = "com.apple.product-type.application";
		};
/* End PBXNativeTarget section */

/* Begin PBXProject section */
		22815E751E80FB4500CBBCBC /* Project object */ = {
			isa = PBXProject;
			attributes = {
				LastUpgradeCheck = 0820;
				ORGANIZATIONNAME = shuai;
				TargetAttributes = {
					22815E7C1E80FB4600CBBCBC = {
						CreatedOnToolsVersion = 8.2.1;
						DevelopmentTeam = NCFKXV5U7R;
						ProvisioningStyle = Automatic;
					};
				};
			};
			buildConfigurationList = 22815E781E80FB4500CBBCBC /* Build configuration list for PBXProject "test2017-03-21 14:10:04" */;
			compatibilityVersion = "Xcode 3.2";
			developmentRegion = English;
			hasScannedForEncodings = 0;
			knownRegions = (
				en,
				Base,
			);
			mainGroup = 22815E741E80FB4500CBBCBC;
			productRefGroup = 22815E7E1E80FB4600CBBCBC /* Products */;
			projectDirPath = "";
			projectRoot = "";
			targets = (
				22815E7C1E80FB4600CBBCBC /* test2017-03-21 14:10:04 */,
			);
		};
/* End PBXProject section */

/* Begin PBXResourcesBuildPhase section */
		22815E7B1E80FB4600CBBCBC /* Resources */ = {
			isa = PBXResourcesBuildPhase;
			buildActionMask = 2147483647;
			files = (
				22815E901E80FB4600CBBCBC /* LaunchScreen.storyboard in Resources */,
				22815E8D1E80FB4600CBBCBC /* Assets.xcassets in Resources */,
				22815E8B1E80FB4600CBBCBC /* Main.storyboard in Resources */,
			);
			runOnlyForDeploymentPostprocessing = 0;
		};
/* End PBXResourcesBuildPhase section */

/* Begin PBXSourcesBuildPhase section */
		22815E791E80FB4600CBBCBC /* Sources */ = {
			isa = PBXSourcesBuildPhase;
			buildActionMask = 2147483647;
			files = (
				22815E881E80FB4600CBBCBC /* ViewController.m in Sources */,
				22815E851E80FB4600CBBCBC /* AppDelegate.m in Sources */,
				22815E821E80FB4600CBBCBC /* main.m in Sources */,
			);
			runOnlyForDeploymentPostprocessing = 0;
		};
/* End PBXSourcesBuildPhase section */

/* Begin PBXVariantGroup section */
		22815E891E80FB4600CBBCBC /* Main.storyboard */ = {
			isa = PBXVariantGroup;
			children = (
				22815E8A1E80FB4600CBBCBC /* Base */,
			);
			name = Main.storyboard;
			sourceTree = "<group>";
		};
		22815E8E1E80FB4600CBBCBC /* LaunchScreen.storyboard */ = {
			isa = PBXVariantGroup;
			children = (
				22815E8F1E80FB4600CBBCBC /* Base */,
			);
			name = LaunchScreen.storyboard;
			sourceTree = "<group>";
		};
/* End PBXVariantGroup section */

/* Begin XCBuildConfiguration section */
		22815E921E80FB4600CBBCBC /* Debug */ = {
			isa = XCBuildConfiguration;
			buildSettings = {
				ALWAYS_SEARCH_USER_PATHS = NO;
				CLANG_ANALYZER_NONNULL = YES;
				CLANG_CXX_LANGUAGE_STANDARD = "gnu++0x";
				CLANG_CXX_LIBRARY = "libc++";
				CLANG_ENABLE_MODULES = YES;
				CLANG_ENABLE_OBJC_ARC = YES;
				CLANG_WARN_BOOL_CONVERSION = YES;
				CLANG_WARN_CONSTANT_CONVERSION = YES;
				CLANG_WARN_DIRECT_OBJC_ISA_USAGE = YES_ERROR;
				CLANG_WARN_DOCUMENTATION_COMMENTS = YES;
				CLANG_WARN_EMPTY_BODY = YES;
				CLANG_WARN_ENUM_CONVERSION = YES;
				CLANG_WARN_INFINITE_RECURSION = YES;
				CLANG_WARN_INT_CONVERSION = YES;
				CLANG_WARN_OBJC_ROOT_CLASS = YES_ERROR;
				CLANG_WARN_SUSPICIOUS_MOVE = YES;
				CLANG_WARN_UNREACHABLE_CODE = YES;
				CLANG_WARN__DUPLICATE_METHOD_MATCH = YES;
				"CODE_SIGN_IDENTITY[sdk=iphoneos*]" = "iPhone Developer";
				COPY_PHASE_STRIP = NO;
				DEBUG_INFORMATION_FORMAT = dwarf;
				ENABLE_STRICT_OBJC_MSGSEND = YES;
				ENABLE_TESTABILITY = YES;
				GCC_C_LANGUAGE_STANDARD = gnu99;
				GCC_DYNAMIC_NO_PIC = NO;
				GCC_NO_COMMON_BLOCKS = YES;
				GCC_OPTIMIZATION_LEVEL = 0;
				GCC_PREPROCESSOR_DEFINITIONS = (
					"DEBUG=1",
					"$(inherited)",
				);
				GCC_WARN_64_TO_32_BIT_CONVERSION = YES;
				GCC_WARN_ABOUT_RETURN_TYPE = YES_ERROR;
				GCC_WARN_UNDECLARED_SELECTOR = YES;
				GCC_WARN_UNINITIALIZED_AUTOS = YES_AGGRESSIVE;
				GCC_WARN_UNUSED_FUNCTION = YES;
				GCC_WARN_UNUSED_VARIABLE = YES;
				IPHONEOS_DEPLOYMENT_TARGET = 10.2;
				MTL_ENABLE_DEBUG_INFO = YES;
				ONLY_ACTIVE_ARCH = YES;
				SDKROOT = iphoneos;
				TARGETED_DEVICE_FAMILY = 2;
			};
			name = Debug;
		};
		22815E931E80FB4600CBBCBC /* Release */ = {
			isa = XCBuildConfiguration;
			buildSettings = {
				ALWAYS_SEARCH_USER_PATHS = NO;
				CLANG_ANALYZER_NONNULL = YES;
				CLANG_CXX_LANGUAGE_STANDARD = "gnu++0x";
				CLANG_CXX_LIBRARY = "libc++";
				CLANG_ENABLE_MODULES = YES;
				CLANG_ENABLE_OBJC_ARC = YES;
				CLANG_WARN_BOOL_CONVERSION = YES;
				CLANG_WARN_CONSTANT_CONVERSION = YES;
				CLANG_WARN_DIRECT_OBJC_ISA_USAGE = YES_ERROR;
				CLANG_WARN_DOCUMENTATION_COMMENTS = YES;
				CLANG_WARN_EMPTY_BODY = YES;
				CLANG_WARN_ENUM_CONVERSION = YES;
				CLANG_WARN_INFINITE_RECURSION = YES;
				CLANG_WARN_INT_CONVERSION = YES;
				CLANG_WARN_OBJC_ROOT_CLASS = YES_ERROR;
				CLANG_WARN_SUSPICIOUS_MOVE = YES;
				CLANG_WARN_UNREACHABLE_CODE = YES;
				CLANG_WARN__DUPLICATE_METHOD_MATCH = YES;
				"CODE_SIGN_IDENTITY[sdk=iphoneos*]" = "iPhone Developer";
				COPY_PHASE_STRIP = NO;
				DEBUG_INFORMATION_FORMAT = "dwarf-with-dsym";
				ENABLE_NS_ASSERTIONS = NO;
				ENABLE_STRICT_OBJC_MSGSEND = YES;
				GCC_C_LANGUAGE_STANDARD = gnu99;
				GCC_NO_COMMON_BLOCKS = YES;
				GCC_WARN_64_TO_32_BIT_CONVERSION = YES;
				GCC_WARN_ABOUT_RETURN_TYPE = YES_ERROR;
				GCC_WARN_UNDECLARED_SELECTOR = YES;
				GCC_WARN_UNINITIALIZED_AUTOS = YES_AGGRESSIVE;
				GCC_WARN_UNUSED_FUNCTION = YES;
				GCC_WARN_UNUSED_VARIABLE = YES;
				IPHONEOS_DEPLOYMENT_TARGET = 10.2;
				MTL_ENABLE_DEBUG_INFO = NO;
				SDKROOT = iphoneos;
				TARGETED_DEVICE_FAMILY = 2;
				VALIDATE_PRODUCT = YES;
			};
			name = Release;
		};
		22815E951E80FB4600CBBCBC /* Debug */ = {
			isa = XCBuildConfiguration;
			buildSettings = {
				ASSETCATALOG_COMPILER_APPICON_NAME = AppIcon;
				DEVELOPMENT_TEAM = NCFKXV5U7R;
				INFOPLIST_FILE = "test2017-03-21 14:10:04/Info.plist";
				LD_RUNPATH_SEARCH_PATHS = "$(inherited) @executable_path/Frameworks";
				PRODUCT_BUNDLE_IDENTIFIER = "shuai.test2017-03-21-14-10-04";
				PRODUCT_NAME = "$(TARGET_NAME)";
			};
			name = Debug;
		};
		22815E961E80FB4600CBBCBC /* Release */ = {
			isa = XCBuildConfiguration;
			buildSettings = {
				ASSETCATALOG_COMPILER_APPICON_NAME = AppIcon;
				DEVELOPMENT_TEAM = NCFKXV5U7R;
				INFOPLIST_FILE = "test2017-03-21 14:10:04/Info.plist";
				LD_RUNPATH_SEARCH_PATHS = "$(inherited) @executable_path/Frameworks";
				PRODUCT_BUNDLE_IDENTIFIER = "shuai.test2017-03-21-14-10-04";
				PRODUCT_NAME = "$(TARGET_NAME)";
			};
			name = Release;
		};
/* End XCBuildConfiguration section */

/* Begin XCConfigurationList section */
		22815E781E80FB4500CBBCBC /* Build configuration list for PBXProject "test2017-03-21 14:10:04" */ = {
			isa = XCConfigurationList;
			buildConfigurations = (
				22815E921E80FB4600CBBCBC /* Debug */,
				22815E931E80FB4600CBBCBC /* Release */,
			);
			defaultConfigurationIsVisible = 0;
			defaultConfigurationName = Release;
		};
		22815E941E80FB4600CBBCBC /* Build configuration list for PBXNativeTarget "test2017-03-21 14:10:04" */ = {
			isa = XCConfigurationList;
			buildConfigurations = (
				22815E951E80FB4600CBBCBC /* Debug */,
				22815E961E80FB4600CBBCBC /* Release */,
			);
			defaultConfigurationIsVisible = 0;
		};
/* End XCConfigurationList section */
	};
	rootObject = 22815E751E80FB4500CBBCBC /* Project object */;
}
