// !$*UTF8*$!
{
	archiveVersion = 1;
	classes = {
	};
	objectVersion = 48;
	objects = {

/* Begin PBXBuildFile section */
		222AEEDE1FBEC174008DC8BA /* AppDelegate.m in Sources */ = {isa = PBXBuildFile; fileRef = 222AEEDD1FBEC174008DC8BA /* AppDelegate.m */; };
		222AEEE11FBEC174008DC8BA /* ViewController.m in Sources */ = {isa = PBXBuildFile; fileRef = 222AEEE01FBEC174008DC8BA /* ViewController.m */; };
		222AEEE41FBEC174008DC8BA /* Main.storyboard in Resources */ = {isa = PBXBuildFile; fileRef = 222AEEE21FBEC174008DC8BA /* Main.storyboard */; };
		222AEEE61FBEC174008DC8BA /* Assets.xcassets in Resources */ = {isa = PBXBuildFile; fileRef = 222AEEE51FBEC174008DC8BA /* Assets.xcassets */; };
		222AEEE91FBEC174008DC8BA /* LaunchScreen.storyboard in Resources */ = {isa = PBXBuildFile; fileRef = 222AEEE71FBEC174008DC8BA /* LaunchScreen.storyboard */; };
		222AEEEC1FBEC174008DC8BA /* main.m in Sources */ = {isa = PBXBuildFile; fileRef = 222AEEEB1FBEC174008DC8BA /* main.m */; };
		222AEEF31FBEC365008DC8BA /* 第一行代码——Android(全书).pdf in Resources */ = {isa = PBXBuildFile; fileRef = 222AEEF21FBEC365008DC8BA /* 第一行代码——Android(全书).pdf */; };
		222AEEF61FBED215008DC8BA /* ViewController2.m in Sources */ = {isa = PBXBuildFile; fileRef = 222AEEF51FBED215008DC8BA /* ViewController2.m */; };
		222AEEF91FC278B5008DC8BA /* ListViewController.m in Sources */ = {isa = PBXBuildFile; fileRef = 222AEEF81FC278B5008DC8BA /* ListViewController.m */; };
		E62E7DE487D37D0B48316769 /* libPods-2017年11月17日.a in Frameworks */ = {isa = PBXBuildFile; fileRef = FFBEA11D358D743636E41AD7 /* libPods-2017年11月17日.a */; };
/* End PBXBuildFile section */

/* Begin PBXFileReference section */
		222AEED91FBEC174008DC8BA /* 2017年11月17日.app */ = {isa = PBXFileReference; explicitFileType = wrapper.application; includeInIndex = 0; path = "2017年11月17日.app"; sourceTree = BUILT_PRODUCTS_DIR; };
		222AEEDC1FBEC174008DC8BA /* AppDelegate.h */ = {isa = PBXFileReference; lastKnownFileType = sourcecode.c.h; path = AppDelegate.h; sourceTree = "<group>"; };
		222AEEDD1FBEC174008DC8BA /* AppDelegate.m */ = {isa = PBXFileReference; lastKnownFileType = sourcecode.c.objc; path = AppDelegate.m; sourceTree = "<group>"; };
		222AEEDF1FBEC174008DC8BA /* ViewController.h */ = {isa = PBXFileReference; lastKnownFileType = sourcecode.c.h; path = ViewController.h; sourceTree = "<group>"; };
		222AEEE01FBEC174008DC8BA /* ViewController.m */ = {isa = PBXFileReference; lastKnownFileType = sourcecode.c.objc; path = ViewController.m; sourceTree = "<group>"; };
		222AEEE31FBEC174008DC8BA /* Base */ = {isa = PBXFileReference; lastKnownFileType = file.storyboard; name = Base; path = Base.lproj/Main.storyboard; sourceTree = "<group>"; };
		222AEEE51FBEC174008DC8BA /* Assets.xcassets */ = {isa = PBXFileReference; lastKnownFileType = folder.assetcatalog; path = Assets.xcassets; sourceTree = "<group>"; };
		222AEEE81FBEC174008DC8BA /* Base */ = {isa = PBXFileReference; lastKnownFileType = file.storyboard; name = Base; path = Base.lproj/LaunchScreen.storyboard; sourceTree = "<group>"; };
		222AEEEA1FBEC174008DC8BA /* Info.plist */ = {isa = PBXFileReference; lastKnownFileType = text.plist.xml; path = Info.plist; sourceTree = "<group>"; };
		222AEEEB1FBEC174008DC8BA /* main.m */ = {isa = PBXFileReference; lastKnownFileType = sourcecode.c.objc; path = main.m; sourceTree = "<group>"; };
		222AEEF21FBEC365008DC8BA /* 第一行代码——Android(全书).pdf */ = {isa = PBXFileReference; lastKnownFileType = image.pdf; path = "第一行代码——Android(全书).pdf"; sourceTree = "<group>"; };
		222AEEF41FBED215008DC8BA /* ViewController2.h */ = {isa = PBXFileReference; lastKnownFileType = sourcecode.c.h; path = ViewController2.h; sourceTree = "<group>"; };
		222AEEF51FBED215008DC8BA /* ViewController2.m */ = {isa = PBXFileReference; lastKnownFileType = sourcecode.c.objc; path = ViewController2.m; sourceTree = "<group>"; };
		222AEEF71FC278B5008DC8BA /* ListViewController.h */ = {isa = PBXFileReference; lastKnownFileType = sourcecode.c.h; path = ListViewController.h; sourceTree = "<group>"; };
		222AEEF81FC278B5008DC8BA /* ListViewController.m */ = {isa = PBXFileReference; lastKnownFileType = sourcecode.c.objc; path = ListViewController.m; sourceTree = "<group>"; };
		86F86BCA72D0F262B3449DBA /* Pods-2017年11月17日.release.xcconfig */ = {isa = PBXFileReference; includeInIndex = 1; lastKnownFileType = text.xcconfig; name = "Pods-2017年11月17日.release.xcconfig"; path = "Pods/Target Support Files/Pods-2017年11月17日/Pods-2017年11月17日.release.xcconfig"; sourceTree = "<group>"; };
		9626D682399D05CC9EFF22DB /* Pods-2017年11月17日.debug.xcconfig */ = {isa = PBXFileReference; includeInIndex = 1; lastKnownFileType = text.xcconfig; name = "Pods-2017年11月17日.debug.xcconfig"; path = "Pods/Target Support Files/Pods-2017年11月17日/Pods-2017年11月17日.debug.xcconfig"; sourceTree = "<group>"; };
		FFBEA11D358D743636E41AD7 /* libPods-2017年11月17日.a */ = {isa = PBXFileReference; explicitFileType = archive.ar; includeInIndex = 0; path = "libPods-2017年11月17日.a"; sourceTree = BUILT_PRODUCTS_DIR; };
/* End PBXFileReference section */

/* Begin PBXFrameworksBuildPhase section */
		222AEED61FBEC174008DC8BA /* Frameworks */ = {
			isa = PBXFrameworksBuildPhase;
			buildActionMask = 2147483647;
			files = (
				E62E7DE487D37D0B48316769 /* libPods-2017年11月17日.a in Frameworks */,
			);
			runOnlyForDeploymentPostprocessing = 0;
		};
/* End PBXFrameworksBuildPhase section */

/* Begin PBXGroup section */
		0EA2160F3403BEA940E972E3 /* Frameworks */ = {
			isa = PBXGroup;
			children = (
				FFBEA11D358D743636E41AD7 /* libPods-2017年11月17日.a */,
			);
			name = Frameworks;
			sourceTree = "<group>";
		};
		222AEED01FBEC174008DC8BA = {
			isa = PBXGroup;
			children = (
				222AEEDB1FBEC174008DC8BA /* 2017年11月17日 */,
				222AEEDA1FBEC174008DC8BA /* Products */,
				53CE6490EB07DCA67B1265F1 /* Pods */,
				0EA2160F3403BEA940E972E3 /* Frameworks */,
			);
			sourceTree = "<group>";
		};
		222AEEDA1FBEC174008DC8BA /* Products */ = {
			isa = PBXGroup;
			children = (
				222AEED91FBEC174008DC8BA /* 2017年11月17日.app */,
			);
			name = Products;
			sourceTree = "<group>";
		};
		222AEEDB1FBEC174008DC8BA /* 2017年11月17日 */ = {
			isa = PBXGroup;
			children = (
				222AEEDC1FBEC174008DC8BA /* AppDelegate.h */,
				222AEEDD1FBEC174008DC8BA /* AppDelegate.m */,
				222AEEDF1FBEC174008DC8BA /* ViewController.h */,
				222AEEE01FBEC174008DC8BA /* ViewController.m */,
				222AEEF41FBED215008DC8BA /* ViewController2.h */,
				222AEEF51FBED215008DC8BA /* ViewController2.m */,
				222AEEF71FC278B5008DC8BA /* ListViewController.h */,
				222AEEF81FC278B5008DC8BA /* ListViewController.m */,
				222AEEF21FBEC365008DC8BA /* 第一行代码——Android(全书).pdf */,
				222AEEE21FBEC174008DC8BA /* Main.storyboard */,
				222AEEE51FBEC174008DC8BA /* Assets.xcassets */,
				222AEEE71FBEC174008DC8BA /* LaunchScreen.storyboard */,
				222AEEEA1FBEC174008DC8BA /* Info.plist */,
				222AEEEB1FBEC174008DC8BA /* main.m */,
			);
			path = "2017年11月17日";
			sourceTree = "<group>";
		};
		53CE6490EB07DCA67B1265F1 /* Pods */ = {
			isa = PBXGroup;
			children = (
				9626D682399D05CC9EFF22DB /* Pods-2017年11月17日.debug.xcconfig */,
				86F86BCA72D0F262B3449DBA /* Pods-2017年11月17日.release.xcconfig */,
			);
			name = Pods;
			sourceTree = "<group>";
		};
/* End PBXGroup section */

/* Begin PBXNativeTarget section */
		222AEED81FBEC174008DC8BA /* 2017年11月17日 */ = {
			isa = PBXNativeTarget;
			buildConfigurationList = 222AEEEF1FBEC174008DC8BA /* Build configuration list for PBXNativeTarget "2017年11月17日" */;
			buildPhases = (
				3272920D6455232A7033F980 /* [CP] Check Pods Manifest.lock */,
				222AEED51FBEC174008DC8BA /* Sources */,
				222AEED61FBEC174008DC8BA /* Frameworks */,
				222AEED71FBEC174008DC8BA /* Resources */,
				439C4CE17DE52F2D679F8CE4 /* [CP] Embed Pods Frameworks */,
				91A72C34B8CD200BAF819787 /* [CP] Copy Pods Resources */,
			);
			buildRules = (
			);
			dependencies = (
			);
			name = "2017年11月17日";
			productName = "2017年11月17日";
			productReference = 222AEED91FBEC174008DC8BA /* 2017年11月17日.app */;
			productType = "com.apple.product-type.application";
		};
/* End PBXNativeTarget section */

/* Begin PBXProject section */
		222AEED11FBEC174008DC8BA /* Project object */ = {
			isa = PBXProject;
			attributes = {
				LastUpgradeCheck = 0910;
				ORGANIZATIONNAME = shuai;
				TargetAttributes = {
					222AEED81FBEC174008DC8BA = {
						CreatedOnToolsVersion = 9.1;
						ProvisioningStyle = Automatic;
					};
				};
			};
			buildConfigurationList = 222AEED41FBEC174008DC8BA /* Build configuration list for PBXProject "2017年11月17日" */;
			compatibilityVersion = "Xcode 8.0";
			developmentRegion = en;
			hasScannedForEncodings = 0;
			knownRegions = (
				en,
				Base,
			);
			mainGroup = 222AEED01FBEC174008DC8BA;
			productRefGroup = 222AEEDA1FBEC174008DC8BA /* Products */;
			projectDirPath = "";
			projectRoot = "";
			targets = (
				222AEED81FBEC174008DC8BA /* 2017年11月17日 */,
			);
		};
/* End PBXProject section */

/* Begin PBXResourcesBuildPhase section */
		222AEED71FBEC174008DC8BA /* Resources */ = {
			isa = PBXResourcesBuildPhase;
			buildActionMask = 2147483647;
			files = (
				222AEEE91FBEC174008DC8BA /* LaunchScreen.storyboard in Resources */,
				222AEEE61FBEC174008DC8BA /* Assets.xcassets in Resources */,
				222AEEF31FBEC365008DC8BA /* 第一行代码——Android(全书).pdf in Resources */,
				222AEEE41FBEC174008DC8BA /* Main.storyboard in Resources */,
			);
			runOnlyForDeploymentPostprocessing = 0;
		};
/* End PBXResourcesBuildPhase section */

/* Begin PBXShellScriptBuildPhase section */
		3272920D6455232A7033F980 /* [CP] Check Pods Manifest.lock */ = {
			isa = PBXShellScriptBuildPhase;
			buildActionMask = 2147483647;
			files = (
			);
			inputPaths = (
			);
			name = "[CP] Check Pods Manifest.lock";
			outputPaths = (
			);
			runOnlyForDeploymentPostprocessing = 0;
			shellPath = /bin/sh;
			shellScript = "diff \"${PODS_ROOT}/../Podfile.lock\" \"${PODS_ROOT}/Manifest.lock\" > /dev/null\nif [ $? != 0 ] ; then\n    # print error to STDERR\n    echo \"error: The sandbox is not in sync with the Podfile.lock. Run 'pod install' or update your CocoaPods installation.\" >&2\n    exit 1\nfi\n";
			showEnvVarsInLog = 0;
		};
		439C4CE17DE52F2D679F8CE4 /* [CP] Embed Pods Frameworks */ = {
			isa = PBXShellScriptBuildPhase;
			buildActionMask = 2147483647;
			files = (
			);
			inputPaths = (
			);
			name = "[CP] Embed Pods Frameworks";
			outputPaths = (
			);
			runOnlyForDeploymentPostprocessing = 0;
			shellPath = /bin/sh;
			shellScript = "\"${SRCROOT}/Pods/Target Support Files/Pods-2017年11月17日/Pods-2017年11月17日-frameworks.sh\"\n";
			showEnvVarsInLog = 0;
		};
		91A72C34B8CD200BAF819787 /* [CP] Copy Pods Resources */ = {
			isa = PBXShellScriptBuildPhase;
			buildActionMask = 2147483647;
			files = (
			);
			inputPaths = (
			);
			name = "[CP] Copy Pods Resources";
			outputPaths = (
			);
			runOnlyForDeploymentPostprocessing = 0;
			shellPath = /bin/sh;
			shellScript = "\"${SRCROOT}/Pods/Target Support Files/Pods-2017年11月17日/Pods-2017年11月17日-resources.sh\"\n";
			showEnvVarsInLog = 0;
		};
/* End PBXShellScriptBuildPhase section */

/* Begin PBXSourcesBuildPhase section */
		222AEED51FBEC174008DC8BA /* Sources */ = {
			isa = PBXSourcesBuildPhase;
			buildActionMask = 2147483647;
			files = (
				222AEEF91FC278B5008DC8BA /* ListViewController.m in Sources */,
				222AEEE11FBEC174008DC8BA /* ViewController.m in Sources */,
				222AEEF61FBED215008DC8BA /* ViewController2.m in Sources */,
				222AEEEC1FBEC174008DC8BA /* main.m in Sources */,
				222AEEDE1FBEC174008DC8BA /* AppDelegate.m in Sources */,
			);
			runOnlyForDeploymentPostprocessing = 0;
		};
/* End PBXSourcesBuildPhase section */

/* Begin PBXVariantGroup section */
		222AEEE21FBEC174008DC8BA /* Main.storyboard */ = {
			isa = PBXVariantGroup;
			children = (
				222AEEE31FBEC174008DC8BA /* Base */,
			);
			name = Main.storyboard;
			sourceTree = "<group>";
		};
		222AEEE71FBEC174008DC8BA /* LaunchScreen.storyboard */ = {
			isa = PBXVariantGroup;
			children = (
				222AEEE81FBEC174008DC8BA /* Base */,
			);
			name = LaunchScreen.storyboard;
			sourceTree = "<group>";
		};
/* End PBXVariantGroup section */

/* Begin XCBuildConfiguration section */
		222AEEED1FBEC174008DC8BA /* Debug */ = {
			isa = XCBuildConfiguration;
			buildSettings = {
				ALWAYS_SEARCH_USER_PATHS = NO;
				CLANG_ANALYZER_NONNULL = YES;
				CLANG_ANALYZER_NUMBER_OBJECT_CONVERSION = YES_AGGRESSIVE;
				CLANG_CXX_LANGUAGE_STANDARD = "gnu++14";
				CLANG_CXX_LIBRARY = "libc++";
				CLANG_ENABLE_MODULES = YES;
				CLANG_ENABLE_OBJC_ARC = YES;
				CLANG_WARN_BLOCK_CAPTURE_AUTORELEASING = YES;
				CLANG_WARN_BOOL_CONVERSION = YES;
				CLANG_WARN_COMMA = YES;
				CLANG_WARN_CONSTANT_CONVERSION = YES;
				CLANG_WARN_DIRECT_OBJC_ISA_USAGE = YES_ERROR;
				CLANG_WARN_DOCUMENTATION_COMMENTS = YES;
				CLANG_WARN_EMPTY_BODY = YES;
				CLANG_WARN_ENUM_CONVERSION = YES;
				CLANG_WARN_INFINITE_RECURSION = YES;
				CLANG_WARN_INT_CONVERSION = YES;
				CLANG_WARN_NON_LITERAL_NULL_CONVERSION = YES;
				CLANG_WARN_OBJC_LITERAL_CONVERSION = YES;
				CLANG_WARN_OBJC_ROOT_CLASS = YES_ERROR;
				CLANG_WARN_RANGE_LOOP_ANALYSIS = YES;
				CLANG_WARN_STRICT_PROTOTYPES = YES;
				CLANG_WARN_SUSPICIOUS_MOVE = YES;
				CLANG_WARN_UNGUARDED_AVAILABILITY = YES_AGGRESSIVE;
				CLANG_WARN_UNREACHABLE_CODE = YES;
				CLANG_WARN__DUPLICATE_METHOD_MATCH = YES;
				CODE_SIGN_IDENTITY = "iPhone Developer";
				COPY_PHASE_STRIP = NO;
				DEBUG_INFORMATION_FORMAT = dwarf;
				ENABLE_STRICT_OBJC_MSGSEND = YES;
				ENABLE_TESTABILITY = YES;
				GCC_C_LANGUAGE_STANDARD = gnu11;
				GCC_DYNAMIC_NO_PIC = NO;
				GCC_NO_COMMON_BLOCKS = YES;
				GCC_OPTIMIZATION_LEVEL = 0;
				GCC_PREPROCESSOR_DEFINITIONS = (
					"DEBUG=1",
					"$(inherited)",
				);
				GCC_WARN_64_TO_32_BIT_CONVERSION = YES;
				GCC_WARN_ABOUT_RETURN_TYPE = YES_ERROR;
				GCC_WARN_UNDECLARED_SELECTOR = YES;
				GCC_WARN_UNINITIALIZED_AUTOS = YES_AGGRESSIVE;
				GCC_WARN_UNUSED_FUNCTION = YES;
				GCC_WARN_UNUSED_VARIABLE = YES;
				IPHONEOS_DEPLOYMENT_TARGET = 11.1;
				MTL_ENABLE_DEBUG_INFO = YES;
				ONLY_ACTIVE_ARCH = YES;
				SDKROOT = iphoneos;
			};
			name = Debug;
		};
		222AEEEE1FBEC174008DC8BA /* Release */ = {
			isa = XCBuildConfiguration;
			buildSettings = {
				ALWAYS_SEARCH_USER_PATHS = NO;
				CLANG_ANALYZER_NONNULL = YES;
				CLANG_ANALYZER_NUMBER_OBJECT_CONVERSION = YES_AGGRESSIVE;
				CLANG_CXX_LANGUAGE_STANDARD = "gnu++14";
				CLANG_CXX_LIBRARY = "libc++";
				CLANG_ENABLE_MODULES = YES;
				CLANG_ENABLE_OBJC_ARC = YES;
				CLANG_WARN_BLOCK_CAPTURE_AUTORELEASING = YES;
				CLANG_WARN_BOOL_CONVERSION = YES;
				CLANG_WARN_COMMA = YES;
				CLANG_WARN_CONSTANT_CONVERSION = YES;
				CLANG_WARN_DIRECT_OBJC_ISA_USAGE = YES_ERROR;
				CLANG_WARN_DOCUMENTATION_COMMENTS = YES;
				CLANG_WARN_EMPTY_BODY = YES;
				CLANG_WARN_ENUM_CONVERSION = YES;
				CLANG_WARN_INFINITE_RECURSION = YES;
				CLANG_WARN_INT_CONVERSION = YES;
				CLANG_WARN_NON_LITERAL_NULL_CONVERSION = YES;
				CLANG_WARN_OBJC_LITERAL_CONVERSION = YES;
				CLANG_WARN_OBJC_ROOT_CLASS = YES_ERROR;
				CLANG_WARN_RANGE_LOOP_ANALYSIS = YES;
				CLANG_WARN_STRICT_PROTOTYPES = YES;
				CLANG_WARN_SUSPICIOUS_MOVE = YES;
				CLANG_WARN_UNGUARDED_AVAILABILITY = YES_AGGRESSIVE;
				CLANG_WARN_UNREACHABLE_CODE = YES;
				CLANG_WARN__DUPLICATE_METHOD_MATCH = YES;
				CODE_SIGN_IDENTITY = "iPhone Developer";
				COPY_PHASE_STRIP = NO;
				DEBUG_INFORMATION_FORMAT = "dwarf-with-dsym";
				ENABLE_NS_ASSERTIONS = NO;
				ENABLE_STRICT_OBJC_MSGSEND = YES;
				GCC_C_LANGUAGE_STANDARD = gnu11;
				GCC_NO_COMMON_BLOCKS = YES;
				GCC_WARN_64_TO_32_BIT_CONVERSION = YES;
				GCC_WARN_ABOUT_RETURN_TYPE = YES_ERROR;
				GCC_WARN_UNDECLARED_SELECTOR = YES;
				GCC_WARN_UNINITIALIZED_AUTOS = YES_AGGRESSIVE;
				GCC_WARN_UNUSED_FUNCTION = YES;
				GCC_WARN_UNUSED_VARIABLE = YES;
				IPHONEOS_DEPLOYMENT_TARGET = 11.1;
				MTL_ENABLE_DEBUG_INFO = NO;
				SDKROOT = iphoneos;
				VALIDATE_PRODUCT = YES;
			};
			name = Release;
		};
		222AEEF01FBEC174008DC8BA /* Debug */ = {
			isa = XCBuildConfiguration;
			baseConfigurationReference = 9626D682399D05CC9EFF22DB /* Pods-2017年11月17日.debug.xcconfig */;
			buildSettings = {
				ASSETCATALOG_COMPILER_APPICON_NAME = AppIcon;
				CODE_SIGN_STYLE = Automatic;
				DEVELOPMENT_TEAM = NCFKXV5U7R;
				INFOPLIST_FILE = "2017年11月17日/Info.plist";
				LD_RUNPATH_SEARCH_PATHS = "$(inherited) @executable_path/Frameworks";
				PRODUCT_BUNDLE_IDENTIFIER = "shuai.-017-11-17-";
				PRODUCT_NAME = "$(TARGET_NAME)";
				TARGETED_DEVICE_FAMILY = "1,2";
			};
			name = Debug;
		};
		222AEEF11FBEC174008DC8BA /* Release */ = {
			isa = XCBuildConfiguration;
			baseConfigurationReference = 86F86BCA72D0F262B3449DBA /* Pods-2017年11月17日.release.xcconfig */;
			buildSettings = {
				ASSETCATALOG_COMPILER_APPICON_NAME = AppIcon;
				CODE_SIGN_STYLE = Automatic;
				DEVELOPMENT_TEAM = NCFKXV5U7R;
				INFOPLIST_FILE = "2017年11月17日/Info.plist";
				LD_RUNPATH_SEARCH_PATHS = "$(inherited) @executable_path/Frameworks";
				PRODUCT_BUNDLE_IDENTIFIER = "shuai.-017-11-17-";
				PRODUCT_NAME = "$(TARGET_NAME)";
				TARGETED_DEVICE_FAMILY = "1,2";
			};
			name = Release;
		};
/* End XCBuildConfiguration section */

/* Begin XCConfigurationList section */
		222AEED41FBEC174008DC8BA /* Build configuration list for PBXProject "2017年11月17日" */ = {
			isa = XCConfigurationList;
			buildConfigurations = (
				222AEEED1FBEC174008DC8BA /* Debug */,
				222AEEEE1FBEC174008DC8BA /* Release */,
			);
			defaultConfigurationIsVisible = 0;
			defaultConfigurationName = Release;
		};
		222AEEEF1FBEC174008DC8BA /* Build configuration list for PBXNativeTarget "2017年11月17日" */ = {
			isa = XCConfigurationList;
			buildConfigurations = (
				222AEEF01FBEC174008DC8BA /* Debug */,
				222AEEF11FBEC174008DC8BA /* Release */,
			);
			defaultConfigurationIsVisible = 0;
			defaultConfigurationName = Release;
		};
/* End XCConfigurationList section */
	};
	rootObject = 222AEED11FBEC174008DC8BA /* Project object */;
}
