// !$*UTF8*$!
{
	archiveVersion = 1;
	classes = {
	};
	objectVersion = 46;
	objects = {

/* Begin PBXBuildFile section */
		22C3132F1EC58B6A000C9DB2 /* AppDelegate.swift in Sources */ = {isa = PBXBuildFile; fileRef = 22C3132E1EC58B6A000C9DB2 /* AppDelegate.swift */; };
		22C313311EC58B6A000C9DB2 /* ViewController.swift in Sources */ = {isa = PBXBuildFile; fileRef = 22C313301EC58B6A000C9DB2 /* ViewController.swift */; };
		22C313341EC58B6A000C9DB2 /* Main.storyboard in Resources */ = {isa = PBXBuildFile; fileRef = 22C313321EC58B6A000C9DB2 /* Main.storyboard */; };
		22C313361EC58B6A000C9DB2 /* Assets.xcassets in Resources */ = {isa = PBXBuildFile; fileRef = 22C313351EC58B6A000C9DB2 /* Assets.xcassets */; };
		22C313391EC58B6A000C9DB2 /* LaunchScreen.storyboard in Resources */ = {isa = PBXBuildFile; fileRef = 22C313371EC58B6A000C9DB2 /* LaunchScreen.storyboard */; };
/* End PBXBuildFile section */

/* Begin PBXFileReference section */
		22C3132B1EC58B6A000C9DB2 /* test2017-05-12.app */ = {isa = PBXFileReference; explicitFileType = wrapper.application; includeInIndex = 0; path = "test2017-05-12.app"; sourceTree = BUILT_PRODUCTS_DIR; };
		22C3132E1EC58B6A000C9DB2 /* AppDelegate.swift */ = {isa = PBXFileReference; lastKnownFileType = sourcecode.swift; path = AppDelegate.swift; sourceTree = "<group>"; };
		22C313301EC58B6A000C9DB2 /* ViewController.swift */ = {isa = PBXFileReference; lastKnownFileType = sourcecode.swift; path = ViewController.swift; sourceTree = "<group>"; };
		22C313331EC58B6A000C9DB2 /* Base */ = {isa = PBXFileReference; lastKnownFileType = file.storyboard; name = Base; path = Base.lproj/Main.storyboard; sourceTree = "<group>"; };
		22C313351EC58B6A000C9DB2 /* Assets.xcassets */ = {isa = PBXFileReference; lastKnownFileType = folder.assetcatalog; path = Assets.xcassets; sourceTree = "<group>"; };
		22C313381EC58B6A000C9DB2 /* Base */ = {isa = PBXFileReference; lastKnownFileType = file.storyboard; name = Base; path = Base.lproj/LaunchScreen.storyboard; sourceTree = "<group>"; };
		22C3133A1EC58B6A000C9DB2 /* Info.plist */ = {isa = PBXFileReference; lastKnownFileType = text.plist.xml; path = Info.plist; sourceTree = "<group>"; };
/* End PBXFileReference section */

/* Begin PBXFrameworksBuildPhase section */
		22C313281EC58B6A000C9DB2 /* Frameworks */ = {
			isa = PBXFrameworksBuildPhase;
			buildActionMask = 2147483647;
			files = (
			);
			runOnlyForDeploymentPostprocessing = 0;
		};
/* End PBXFrameworksBuildPhase section */

/* Begin PBXGroup section */
		22C313221EC58B6A000C9DB2 = {
			isa = PBXGroup;
			children = (
				22C3132D1EC58B6A000C9DB2 /* test2017-05-12 */,
				22C3132C1EC58B6A000C9DB2 /* Products */,
			);
			sourceTree = "<group>";
		};
		22C3132C1EC58B6A000C9DB2 /* Products */ = {
			isa = PBXGroup;
			children = (
				22C3132B1EC58B6A000C9DB2 /* test2017-05-12.app */,
			);
			name = Products;
			sourceTree = "<group>";
		};
		22C3132D1EC58B6A000C9DB2 /* test2017-05-12 */ = {
			isa = PBXGroup;
			children = (
				22C3132E1EC58B6A000C9DB2 /* AppDelegate.swift */,
				22C313301EC58B6A000C9DB2 /* ViewController.swift */,
				22C313321EC58B6A000C9DB2 /* Main.storyboard */,
				22C313351EC58B6A000C9DB2 /* Assets.xcassets */,
				22C313371EC58B6A000C9DB2 /* LaunchScreen.storyboard */,
				22C3133A1EC58B6A000C9DB2 /* Info.plist */,
			);
			path = "test2017-05-12";
			sourceTree = "<group>";
		};
/* End PBXGroup section */

/* Begin PBXNativeTarget section */
		22C3132A1EC58B6A000C9DB2 /* test2017-05-12 */ = {
			isa = PBXNativeTarget;
			buildConfigurationList = 22C3133D1EC58B6A000C9DB2 /* Build configuration list for PBXNativeTarget "test2017-05-12" */;
			buildPhases = (
				22C313271EC58B6A000C9DB2 /* Sources */,
				22C313281EC58B6A000C9DB2 /* Frameworks */,
				22C313291EC58B6A000C9DB2 /* Resources */,
			);
			buildRules = (
			);
			dependencies = (
			);
			name = "test2017-05-12";
			productName = "test2017-05-12";
			productReference = 22C3132B1EC58B6A000C9DB2 /* test2017-05-12.app */;
			productType = "com.apple.product-type.application";
		};
/* End PBXNativeTarget section */

/* Begin PBXProject section */
		22C313231EC58B6A000C9DB2 /* Project object */ = {
			isa = PBXProject;
			attributes = {
				LastSwiftUpdateCheck = 0830;
				LastUpgradeCheck = 0830;
				ORGANIZATIONNAME = shuai;
				TargetAttributes = {
					22C3132A1EC58B6A000C9DB2 = {
						CreatedOnToolsVersion = 8.3.2;
						DevelopmentTeam = NCFKXV5U7R;
						ProvisioningStyle = Automatic;
					};
				};
			};
			buildConfigurationList = 22C313261EC58B6A000C9DB2 /* Build configuration list for PBXProject "test2017-05-12" */;
			compatibilityVersion = "Xcode 3.2";
			developmentRegion = English;
			hasScannedForEncodings = 0;
			knownRegions = (
				en,
				Base,
			);
			mainGroup = 22C313221EC58B6A000C9DB2;
			productRefGroup = 22C3132C1EC58B6A000C9DB2 /* Products */;
			projectDirPath = "";
			projectRoot = "";
			targets = (
				22C3132A1EC58B6A000C9DB2 /* test2017-05-12 */,
			);
		};
/* End PBXProject section */

/* Begin PBXResourcesBuildPhase section */
		22C313291EC58B6A000C9DB2 /* Resources */ = {
			isa = PBXResourcesBuildPhase;
			buildActionMask = 2147483647;
			files = (
				22C313391EC58B6A000C9DB2 /* LaunchScreen.storyboard in Resources */,
				22C313361EC58B6A000C9DB2 /* Assets.xcassets in Resources */,
				22C313341EC58B6A000C9DB2 /* Main.storyboard in Resources */,
			);
			runOnlyForDeploymentPostprocessing = 0;
		};
/* End PBXResourcesBuildPhase section */

/* Begin PBXSourcesBuildPhase section */
		22C313271EC58B6A000C9DB2 /* Sources */ = {
			isa = PBXSourcesBuildPhase;
			buildActionMask = 2147483647;
			files = (
				22C313311EC58B6A000C9DB2 /* ViewController.swift in Sources */,
				22C3132F1EC58B6A000C9DB2 /* AppDelegate.swift in Sources */,
			);
			runOnlyForDeploymentPostprocessing = 0;
		};
/* End PBXSourcesBuildPhase section */

/* Begin PBXVariantGroup section */
		22C313321EC58B6A000C9DB2 /* Main.storyboard */ = {
			isa = PBXVariantGroup;
			children = (
				22C313331EC58B6A000C9DB2 /* Base */,
			);
			name = Main.storyboard;
			sourceTree = "<group>";
		};
		22C313371EC58B6A000C9DB2 /* LaunchScreen.storyboard */ = {
			isa = PBXVariantGroup;
			children = (
				22C313381EC58B6A000C9DB2 /* Base */,
			);
			name = LaunchScreen.storyboard;
			sourceTree = "<group>";
		};
/* End PBXVariantGroup section */

/* Begin XCBuildConfiguration section */
		22C3133B1EC58B6A000C9DB2 /* Debug */ = {
			isa = XCBuildConfiguration;
			buildSettings = {
				ALWAYS_SEARCH_USER_PATHS = NO;
				CLANG_ANALYZER_NONNULL = YES;
				CLANG_ANALYZER_NUMBER_OBJECT_CONVERSION = YES_AGGRESSIVE;
				CLANG_CXX_LANGUAGE_STANDARD = "gnu++0x";
				CLANG_CXX_LIBRARY = "libc++";
				CLANG_ENABLE_MODULES = YES;
				CLANG_ENABLE_OBJC_ARC = YES;
				CLANG_WARN_BOOL_CONVERSION = YES;
				CLANG_WARN_CONSTANT_CONVERSION = YES;
				CLANG_WARN_DIRECT_OBJC_ISA_USAGE = YES_ERROR;
				CLANG_WARN_DOCUMENTATION_COMMENTS = YES;
				CLANG_WARN_EMPTY_BODY = YES;
				CLANG_WARN_ENUM_CONVERSION = YES;
				CLANG_WARN_INFINITE_RECURSION = YES;
				CLANG_WARN_INT_CONVERSION = YES;
				CLANG_WARN_OBJC_ROOT_CLASS = YES_ERROR;
				CLANG_WARN_SUSPICIOUS_MOVE = YES;
				CLANG_WARN_UNREACHABLE_CODE = YES;
				CLANG_WARN__DUPLICATE_METHOD_MATCH = YES;
				"CODE_SIGN_IDENTITY[sdk=iphoneos*]" = "iPhone Developer";
				COPY_PHASE_STRIP = NO;
				DEBUG_INFORMATION_FORMAT = dwarf;
				ENABLE_STRICT_OBJC_MSGSEND = YES;
				ENABLE_TESTABILITY = YES;
				GCC_C_LANGUAGE_STANDARD = gnu99;
				GCC_DYNAMIC_NO_PIC = NO;
				GCC_NO_COMMON_BLOCKS = YES;
				GCC_OPTIMIZATION_LEVEL = 0;
				GCC_PREPROCESSOR_DEFINITIONS = (
					"DEBUG=1",
					"$(inherited)",
				);
				GCC_WARN_64_TO_32_BIT_CONVERSION = YES;
				GCC_WARN_ABOUT_RETURN_TYPE = YES_ERROR;
				GCC_WARN_UNDECLARED_SELECTOR = YES;
				GCC_WARN_UNINITIALIZED_AUTOS = YES_AGGRESSIVE;
				GCC_WARN_UNUSED_FUNCTION = YES;
				GCC_WARN_UNUSED_VARIABLE = YES;
				IPHONEOS_DEPLOYMENT_TARGET = 10.3;
				MTL_ENABLE_DEBUG_INFO = YES;
				ONLY_ACTIVE_ARCH = YES;
				SDKROOT = iphoneos;
				SWIFT_ACTIVE_COMPILATION_CONDITIONS = DEBUG;
				SWIFT_OPTIMIZATION_LEVEL = "-Onone";
			};
			name = Debug;
		};
		22C3133C1EC58B6A000C9DB2 /* Release */ = {
			isa = XCBuildConfiguration;
			buildSettings = {
				ALWAYS_SEARCH_USER_PATHS = NO;
				CLANG_ANALYZER_NONNULL = YES;
				CLANG_ANALYZER_NUMBER_OBJECT_CONVERSION = YES_AGGRESSIVE;
				CLANG_CXX_LANGUAGE_STANDARD = "gnu++0x";
				CLANG_CXX_LIBRARY = "libc++";
				CLANG_ENABLE_MODULES = YES;
				CLANG_ENABLE_OBJC_ARC = YES;
				CLANG_WARN_BOOL_CONVERSION = YES;
				CLANG_WARN_CONSTANT_CONVERSION = YES;
				CLANG_WARN_DIRECT_OBJC_ISA_USAGE = YES_ERROR;
				CLANG_WARN_DOCUMENTATION_COMMENTS = YES;
				CLANG_WARN_EMPTY_BODY = YES;
				CLANG_WARN_ENUM_CONVERSION = YES;
				CLANG_WARN_INFINITE_RECURSION = YES;
				CLANG_WARN_INT_CONVERSION = YES;
				CLANG_WARN_OBJC_ROOT_CLASS = YES_ERROR;
				CLANG_WARN_SUSPICIOUS_MOVE = YES;
				CLANG_WARN_UNREACHABLE_CODE = YES;
				CLANG_WARN__DUPLICATE_METHOD_MATCH = YES;
				"CODE_SIGN_IDENTITY[sdk=iphoneos*]" = "iPhone Developer";
				COPY_PHASE_STRIP = NO;
				DEBUG_INFORMATION_FORMAT = "dwarf-with-dsym";
				ENABLE_NS_ASSERTIONS = NO;
				ENABLE_STRICT_OBJC_MSGSEND = YES;
				GCC_C_LANGUAGE_STANDARD = gnu99;
				GCC_NO_COMMON_BLOCKS = YES;
				GCC_WARN_64_TO_32_BIT_CONVERSION = YES;
				GCC_WARN_ABOUT_RETURN_TYPE = YES_ERROR;
				GCC_WARN_UNDECLARED_SELECTOR = YES;
				GCC_WARN_UNINITIALIZED_AUTOS = YES_AGGRESSIVE;
				GCC_WARN_UNUSED_FUNCTION = YES;
				GCC_WARN_UNUSED_VARIABLE = YES;
				IPHONEOS_DEPLOYMENT_TARGET = 10.3;
				MTL_ENABLE_DEBUG_INFO = NO;
				SDKROOT = iphoneos;
				SWIFT_OPTIMIZATION_LEVEL = "-Owholemodule";
				VALIDATE_PRODUCT = YES;
			};
			name = Release;
		};
		22C3133E1EC58B6A000C9DB2 /* Debug */ = {
			isa = XCBuildConfiguration;
			buildSettings = {
				ASSETCATALOG_COMPILER_APPICON_NAME = AppIcon;
				DEVELOPMENT_TEAM = NCFKXV5U7R;
				INFOPLIST_FILE = "test2017-05-12/Info.plist";
				LD_RUNPATH_SEARCH_PATHS = "$(inherited) @executable_path/Frameworks";
				PRODUCT_BUNDLE_IDENTIFIER = "shuai.test2017-05-12";
				PRODUCT_NAME = "$(TARGET_NAME)";
				SWIFT_VERSION = 3.0;
			};
			name = Debug;
		};
		22C3133F1EC58B6A000C9DB2 /* Release */ = {
			isa = XCBuildConfiguration;
			buildSettings = {
				ASSETCATALOG_COMPILER_APPICON_NAME = AppIcon;
				DEVELOPMENT_TEAM = NCFKXV5U7R;
				INFOPLIST_FILE = "test2017-05-12/Info.plist";
				LD_RUNPATH_SEARCH_PATHS = "$(inherited) @executable_path/Frameworks";
				PRODUCT_BUNDLE_IDENTIFIER = "shuai.test2017-05-12";
				PRODUCT_NAME = "$(TARGET_NAME)";
				SWIFT_VERSION = 3.0;
			};
			name = Release;
		};
/* End XCBuildConfiguration section */

/* Begin XCConfigurationList section */
		22C313261EC58B6A000C9DB2 /* Build configuration list for PBXProject "test2017-05-12" */ = {
			isa = XCConfigurationList;
			buildConfigurations = (
				22C3133B1EC58B6A000C9DB2 /* Debug */,
				22C3133C1EC58B6A000C9DB2 /* Release */,
			);
			defaultConfigurationIsVisible = 0;
			defaultConfigurationName = Release;
		};
		22C3133D1EC58B6A000C9DB2 /* Build configuration list for PBXNativeTarget "test2017-05-12" */ = {
			isa = XCConfigurationList;
			buildConfigurations = (
				22C3133E1EC58B6A000C9DB2 /* Debug */,
				22C3133F1EC58B6A000C9DB2 /* Release */,
			);
			defaultConfigurationIsVisible = 0;
		};
/* End XCConfigurationList section */
	};
	rootObject = 22C313231EC58B6A000C9DB2 /* Project object */;
}
