// !$*UTF8*$!
{
	archiveVersion = 1;
	classes = {
	};
	objectVersion = 48;
	objects = {

/* Begin PBXBuildFile section */
		222AC20F1F00A877009EF42E /* FirstViewController.m in Sources */ = {isa = PBXBuildFile; fileRef = 222AC20E1F00A877009EF42E /* FirstViewController.m */; };
		22D98D741EFA799B00508B23 /* AppDelegate.m in Sources */ = {isa = PBXBuildFile; fileRef = 22D98D731EFA799B00508B23 /* AppDelegate.m */; };
		22D98D771EFA799B00508B23 /* ViewController.m in Sources */ = {isa = PBXBuildFile; fileRef = 22D98D761EFA799B00508B23 /* ViewController.m */; };
		22D98D7A1EFA799B00508B23 /* Main.storyboard in Resources */ = {isa = PBXBuildFile; fileRef = 22D98D781EFA799B00508B23 /* Main.storyboard */; };
		22D98D7C1EFA799B00508B23 /* Assets.xcassets in Resources */ = {isa = PBXBuildFile; fileRef = 22D98D7B1EFA799B00508B23 /* Assets.xcassets */; };
		22D98D7F1EFA799B00508B23 /* LaunchScreen.storyboard in Resources */ = {isa = PBXBuildFile; fileRef = 22D98D7D1EFA799B00508B23 /* LaunchScreen.storyboard */; };
		22D98D821EFA799B00508B23 /* main.m in Sources */ = {isa = PBXBuildFile; fileRef = 22D98D811EFA799B00508B23 /* main.m */; };
/* End PBXBuildFile section */

/* Begin PBXFileReference section */
		222AC20D1F00A877009EF42E /* FirstViewController.h */ = {isa = PBXFileReference; lastKnownFileType = sourcecode.c.h; path = FirstViewController.h; sourceTree = "<group>"; };
		222AC20E1F00A877009EF42E /* FirstViewController.m */ = {isa = PBXFileReference; lastKnownFileType = sourcecode.c.objc; path = FirstViewController.m; sourceTree = "<group>"; };
		22D98D6F1EFA799B00508B23 /* test-tableview.app */ = {isa = PBXFileReference; explicitFileType = wrapper.application; includeInIndex = 0; path = "test-tableview.app"; sourceTree = BUILT_PRODUCTS_DIR; };
		22D98D721EFA799B00508B23 /* AppDelegate.h */ = {isa = PBXFileReference; lastKnownFileType = sourcecode.c.h; path = AppDelegate.h; sourceTree = "<group>"; };
		22D98D731EFA799B00508B23 /* AppDelegate.m */ = {isa = PBXFileReference; lastKnownFileType = sourcecode.c.objc; path = AppDelegate.m; sourceTree = "<group>"; };
		22D98D751EFA799B00508B23 /* ViewController.h */ = {isa = PBXFileReference; lastKnownFileType = sourcecode.c.h; path = ViewController.h; sourceTree = "<group>"; };
		22D98D761EFA799B00508B23 /* ViewController.m */ = {isa = PBXFileReference; lastKnownFileType = sourcecode.c.objc; path = ViewController.m; sourceTree = "<group>"; };
		22D98D791EFA799B00508B23 /* Base */ = {isa = PBXFileReference; lastKnownFileType = file.storyboard; name = Base; path = Base.lproj/Main.storyboard; sourceTree = "<group>"; };
		22D98D7B1EFA799B00508B23 /* Assets.xcassets */ = {isa = PBXFileReference; lastKnownFileType = folder.assetcatalog; path = Assets.xcassets; sourceTree = "<group>"; };
		22D98D7E1EFA799B00508B23 /* Base */ = {isa = PBXFileReference; lastKnownFileType = file.storyboard; name = Base; path = Base.lproj/LaunchScreen.storyboard; sourceTree = "<group>"; };
		22D98D801EFA799B00508B23 /* Info.plist */ = {isa = PBXFileReference; lastKnownFileType = text.plist.xml; path = Info.plist; sourceTree = "<group>"; };
		22D98D811EFA799B00508B23 /* main.m */ = {isa = PBXFileReference; lastKnownFileType = sourcecode.c.objc; path = main.m; sourceTree = "<group>"; };
/* End PBXFileReference section */

/* Begin PBXFrameworksBuildPhase section */
		22D98D6C1EFA799B00508B23 /* Frameworks */ = {
			isa = PBXFrameworksBuildPhase;
			buildActionMask = 2147483647;
			files = (
			);
			runOnlyForDeploymentPostprocessing = 0;
		};
/* End PBXFrameworksBuildPhase section */

/* Begin PBXGroup section */
		22D98D661EFA799B00508B23 = {
			isa = PBXGroup;
			children = (
				22D98D711EFA799B00508B23 /* test-tableview */,
				22D98D701EFA799B00508B23 /* Products */,
			);
			sourceTree = "<group>";
		};
		22D98D701EFA799B00508B23 /* Products */ = {
			isa = PBXGroup;
			children = (
				22D98D6F1EFA799B00508B23 /* test-tableview.app */,
			);
			name = Products;
			sourceTree = "<group>";
		};
		22D98D711EFA799B00508B23 /* test-tableview */ = {
			isa = PBXGroup;
			children = (
				22D98D721EFA799B00508B23 /* AppDelegate.h */,
				22D98D731EFA799B00508B23 /* AppDelegate.m */,
				22D98D751EFA799B00508B23 /* ViewController.h */,
				22D98D761EFA799B00508B23 /* ViewController.m */,
				222AC20D1F00A877009EF42E /* FirstViewController.h */,
				222AC20E1F00A877009EF42E /* FirstViewController.m */,
				22D98D781EFA799B00508B23 /* Main.storyboard */,
				22D98D7B1EFA799B00508B23 /* Assets.xcassets */,
				22D98D7D1EFA799B00508B23 /* LaunchScreen.storyboard */,
				22D98D801EFA799B00508B23 /* Info.plist */,
				22D98D811EFA799B00508B23 /* main.m */,
			);
			path = "test-tableview";
			sourceTree = "<group>";
		};
/* End PBXGroup section */

/* Begin PBXNativeTarget section */
		22D98D6E1EFA799B00508B23 /* test-tableview */ = {
			isa = PBXNativeTarget;
			buildConfigurationList = 22D98D851EFA799B00508B23 /* Build configuration list for PBXNativeTarget "test-tableview" */;
			buildPhases = (
				22D98D6B1EFA799B00508B23 /* Sources */,
				22D98D6C1EFA799B00508B23 /* Frameworks */,
				22D98D6D1EFA799B00508B23 /* Resources */,
			);
			buildRules = (
			);
			dependencies = (
			);
			name = "test-tableview";
			productName = "test-tableview";
			productReference = 22D98D6F1EFA799B00508B23 /* test-tableview.app */;
			productType = "com.apple.product-type.application";
		};
/* End PBXNativeTarget section */

/* Begin PBXProject section */
		22D98D671EFA799B00508B23 /* Project object */ = {
			isa = PBXProject;
			attributes = {
				LastUpgradeCheck = 0900;
				ORGANIZATIONNAME = shuai;
				TargetAttributes = {
					22D98D6E1EFA799B00508B23 = {
						CreatedOnToolsVersion = 9.0;
					};
				};
			};
			buildConfigurationList = 22D98D6A1EFA799B00508B23 /* Build configuration list for PBXProject "test-tableview" */;
			compatibilityVersion = "Xcode 8.0";
			developmentRegion = en;
			hasScannedForEncodings = 0;
			knownRegions = (
				en,
				Base,
			);
			mainGroup = 22D98D661EFA799B00508B23;
			productRefGroup = 22D98D701EFA799B00508B23 /* Products */;
			projectDirPath = "";
			projectRoot = "";
			targets = (
				22D98D6E1EFA799B00508B23 /* test-tableview */,
			);
		};
/* End PBXProject section */

/* Begin PBXResourcesBuildPhase section */
		22D98D6D1EFA799B00508B23 /* Resources */ = {
			isa = PBXResourcesBuildPhase;
			buildActionMask = 2147483647;
			files = (
				22D98D7F1EFA799B00508B23 /* LaunchScreen.storyboard in Resources */,
				22D98D7C1EFA799B00508B23 /* Assets.xcassets in Resources */,
				22D98D7A1EFA799B00508B23 /* Main.storyboard in Resources */,
			);
			runOnlyForDeploymentPostprocessing = 0;
		};
/* End PBXResourcesBuildPhase section */

/* Begin PBXSourcesBuildPhase section */
		22D98D6B1EFA799B00508B23 /* Sources */ = {
			isa = PBXSourcesBuildPhase;
			buildActionMask = 2147483647;
			files = (
				22D98D771EFA799B00508B23 /* ViewController.m in Sources */,
				22D98D821EFA799B00508B23 /* main.m in Sources */,
				22D98D741EFA799B00508B23 /* AppDelegate.m in Sources */,
				222AC20F1F00A877009EF42E /* FirstViewController.m in Sources */,
			);
			runOnlyForDeploymentPostprocessing = 0;
		};
/* End PBXSourcesBuildPhase section */

/* Begin PBXVariantGroup section */
		22D98D781EFA799B00508B23 /* Main.storyboard */ = {
			isa = PBXVariantGroup;
			children = (
				22D98D791EFA799B00508B23 /* Base */,
			);
			name = Main.storyboard;
			sourceTree = "<group>";
		};
		22D98D7D1EFA799B00508B23 /* LaunchScreen.storyboard */ = {
			isa = PBXVariantGroup;
			children = (
				22D98D7E1EFA799B00508B23 /* Base */,
			);
			name = LaunchScreen.storyboard;
			sourceTree = "<group>";
		};
/* End PBXVariantGroup section */

/* Begin XCBuildConfiguration section */
		22D98D831EFA799B00508B23 /* Debug */ = {
			isa = XCBuildConfiguration;
			buildSettings = {
				ALWAYS_SEARCH_USER_PATHS = NO;
				CLANG_ANALYZER_NONNULL = YES;
				CLANG_ANALYZER_NUMBER_OBJECT_CONVERSION = YES_AGGRESSIVE;
				CLANG_CXX_LANGUAGE_STANDARD = "gnu++14";
				CLANG_CXX_LIBRARY = "libc++";
				CLANG_ENABLE_MODULES = YES;
				CLANG_ENABLE_OBJC_ARC = YES;
				CLANG_WARN_BLOCK_CAPTURE_AUTORELEASING = YES;
				CLANG_WARN_BOOL_CONVERSION = YES;
				CLANG_WARN_COMMA = YES;
				CLANG_WARN_CONSTANT_CONVERSION = YES;
				CLANG_WARN_DIRECT_OBJC_ISA_USAGE = YES_ERROR;
				CLANG_WARN_DOCUMENTATION_COMMENTS = YES;
				CLANG_WARN_EMPTY_BODY = YES;
				CLANG_WARN_ENUM_CONVERSION = YES;
				CLANG_WARN_INFINITE_RECURSION = YES;
				CLANG_WARN_INT_CONVERSION = YES;
				CLANG_WARN_OBJC_ROOT_CLASS = YES_ERROR;
				CLANG_WARN_RANGE_LOOP_ANALYSIS = YES;
				CLANG_WARN_STRICT_PROTOTYPES = YES;
				CLANG_WARN_SUSPICIOUS_MOVE = YES;
				CLANG_WARN_UNGUARDED_AVAILABILITY = YES_AGGRESSIVE;
				CLANG_WARN_UNREACHABLE_CODE = YES;
				CLANG_WARN__DUPLICATE_METHOD_MATCH = YES;
				CODE_SIGN_IDENTITY = "iPhone Developer";
				COPY_PHASE_STRIP = NO;
				DEBUG_INFORMATION_FORMAT = dwarf;
				ENABLE_STRICT_OBJC_MSGSEND = YES;
				ENABLE_TESTABILITY = YES;
				GCC_C_LANGUAGE_STANDARD = gnu11;
				GCC_DYNAMIC_NO_PIC = NO;
				GCC_NO_COMMON_BLOCKS = YES;
				GCC_OPTIMIZATION_LEVEL = 0;
				GCC_PREPROCESSOR_DEFINITIONS = (
					"DEBUG=1",
					"$(inherited)",
				);
				GCC_WARN_64_TO_32_BIT_CONVERSION = YES;
				GCC_WARN_ABOUT_RETURN_TYPE = YES_ERROR;
				GCC_WARN_UNDECLARED_SELECTOR = YES;
				GCC_WARN_UNINITIALIZED_AUTOS = YES_AGGRESSIVE;
				GCC_WARN_UNUSED_FUNCTION = YES;
				GCC_WARN_UNUSED_VARIABLE = YES;
				IPHONEOS_DEPLOYMENT_TARGET = 11.0;
				MTL_ENABLE_DEBUG_INFO = YES;
				ONLY_ACTIVE_ARCH = YES;
				SDKROOT = iphoneos;
			};
			name = Debug;
		};
		22D98D841EFA799B00508B23 /* Release */ = {
			isa = XCBuildConfiguration;
			buildSettings = {
				ALWAYS_SEARCH_USER_PATHS = NO;
				CLANG_ANALYZER_NONNULL = YES;
				CLANG_ANALYZER_NUMBER_OBJECT_CONVERSION = YES_AGGRESSIVE;
				CLANG_CXX_LANGUAGE_STANDARD = "gnu++14";
				CLANG_CXX_LIBRARY = "libc++";
				CLANG_ENABLE_MODULES = YES;
				CLANG_ENABLE_OBJC_ARC = YES;
				CLANG_WARN_BLOCK_CAPTURE_AUTORELEASING = YES;
				CLANG_WARN_BOOL_CONVERSION = YES;
				CLANG_WARN_COMMA = YES;
				CLANG_WARN_CONSTANT_CONVERSION = YES;
				CLANG_WARN_DIRECT_OBJC_ISA_USAGE = YES_ERROR;
				CLANG_WARN_DOCUMENTATION_COMMENTS = YES;
				CLANG_WARN_EMPTY_BODY = YES;
				CLANG_WARN_ENUM_CONVERSION = YES;
				CLANG_WARN_INFINITE_RECURSION = YES;
				CLANG_WARN_INT_CONVERSION = YES;
				CLANG_WARN_OBJC_ROOT_CLASS = YES_ERROR;
				CLANG_WARN_RANGE_LOOP_ANALYSIS = YES;
				CLANG_WARN_STRICT_PROTOTYPES = YES;
				CLANG_WARN_SUSPICIOUS_MOVE = YES;
				CLANG_WARN_UNGUARDED_AVAILABILITY = YES_AGGRESSIVE;
				CLANG_WARN_UNREACHABLE_CODE = YES;
				CLANG_WARN__DUPLICATE_METHOD_MATCH = YES;
				CODE_SIGN_IDENTITY = "iPhone Developer";
				COPY_PHASE_STRIP = NO;
				DEBUG_INFORMATION_FORMAT = "dwarf-with-dsym";
				ENABLE_NS_ASSERTIONS = NO;
				ENABLE_STRICT_OBJC_MSGSEND = YES;
				GCC_C_LANGUAGE_STANDARD = gnu11;
				GCC_NO_COMMON_BLOCKS = YES;
				GCC_WARN_64_TO_32_BIT_CONVERSION = YES;
				GCC_WARN_ABOUT_RETURN_TYPE = YES_ERROR;
				GCC_WARN_UNDECLARED_SELECTOR = YES;
				GCC_WARN_UNINITIALIZED_AUTOS = YES_AGGRESSIVE;
				GCC_WARN_UNUSED_FUNCTION = YES;
				GCC_WARN_UNUSED_VARIABLE = YES;
				IPHONEOS_DEPLOYMENT_TARGET = 11.0;
				MTL_ENABLE_DEBUG_INFO = NO;
				SDKROOT = iphoneos;
				VALIDATE_PRODUCT = YES;
			};
			name = Release;
		};
		22D98D861EFA799B00508B23 /* Debug */ = {
			isa = XCBuildConfiguration;
			buildSettings = {
				ASSETCATALOG_COMPILER_APPICON_NAME = AppIcon;
				DEVELOPMENT_TEAM = NCFKXV5U7R;
				INFOPLIST_FILE = "test-tableview/Info.plist";
				IPHONEOS_DEPLOYMENT_TARGET = 11.0;
				LD_RUNPATH_SEARCH_PATHS = "$(inherited) @executable_path/Frameworks";
				PRODUCT_BUNDLE_IDENTIFIER = "shuai.test-tableview";
				PRODUCT_NAME = "$(TARGET_NAME)";
				TARGETED_DEVICE_FAMILY = "1,2";
			};
			name = Debug;
		};
		22D98D871EFA799B00508B23 /* Release */ = {
			isa = XCBuildConfiguration;
			buildSettings = {
				ASSETCATALOG_COMPILER_APPICON_NAME = AppIcon;
				DEVELOPMENT_TEAM = NCFKXV5U7R;
				INFOPLIST_FILE = "test-tableview/Info.plist";
				IPHONEOS_DEPLOYMENT_TARGET = 11.0;
				LD_RUNPATH_SEARCH_PATHS = "$(inherited) @executable_path/Frameworks";
				PRODUCT_BUNDLE_IDENTIFIER = "shuai.test-tableview";
				PRODUCT_NAME = "$(TARGET_NAME)";
				TARGETED_DEVICE_FAMILY = "1,2";
			};
			name = Release;
		};
/* End XCBuildConfiguration section */

/* Begin XCConfigurationList section */
		22D98D6A1EFA799B00508B23 /* Build configuration list for PBXProject "test-tableview" */ = {
			isa = XCConfigurationList;
			buildConfigurations = (
				22D98D831EFA799B00508B23 /* Debug */,
				22D98D841EFA799B00508B23 /* Release */,
			);
			defaultConfigurationIsVisible = 0;
			defaultConfigurationName = Release;
		};
		22D98D851EFA799B00508B23 /* Build configuration list for PBXNativeTarget "test-tableview" */ = {
			isa = XCConfigurationList;
			buildConfigurations = (
				22D98D861EFA799B00508B23 /* Debug */,
				22D98D871EFA799B00508B23 /* Release */,
			);
			defaultConfigurationIsVisible = 0;
			defaultConfigurationName = Release;
		};
/* End XCConfigurationList section */
	};
	rootObject = 22D98D671EFA799B00508B23 /* Project object */;
}
