// !$*UTF8*$!
{
	archiveVersion = 1;
	classes = {
	};
	objectVersion = 48;
	objects = {

/* Begin PBXBuildFile section */
		222AEE891FBBDDC0008DC8BA /* AppDelegate.m in Sources */ = {isa = PBXBuildFile; fileRef = 222AEE881FBBDDC0008DC8BA /* AppDelegate.m */; };
		222AEE8C1FBBDDC0008DC8BA /* ViewController.m in Sources */ = {isa = PBXBuildFile; fileRef = 222AEE8B1FBBDDC0008DC8BA /* ViewController.m */; };
		222AEE8F1FBBDDC0008DC8BA /* Main.storyboard in Resources */ = {isa = PBXBuildFile; fileRef = 222AEE8D1FBBDDC0008DC8BA /* Main.storyboard */; };
		222AEE911FBBDDC0008DC8BA /* Assets.xcassets in Resources */ = {isa = PBXBuildFile; fileRef = 222AEE901FBBDDC0008DC8BA /* Assets.xcassets */; };
		222AEE941FBBDDC0008DC8BA /* LaunchScreen.storyboard in Resources */ = {isa = PBXBuildFile; fileRef = 222AEE921FBBDDC0008DC8BA /* LaunchScreen.storyboard */; };
		222AEE971FBBDDC1008DC8BA /* main.m in Sources */ = {isa = PBXBuildFile; fileRef = 222AEE961FBBDDC1008DC8BA /* main.m */; };
		222AEEA31FBC272A008DC8BA /* BaseTabBar.m in Sources */ = {isa = PBXBuildFile; fileRef = 222AEEA21FBC272A008DC8BA /* BaseTabBar.m */; };
		222AEEA61FBD2881008DC8BA /* Item5CollectionViewController.m in Sources */ = {isa = PBXBuildFile; fileRef = 222AEEA51FBD2881008DC8BA /* Item5CollectionViewController.m */; };
		222AEEAD1FBD29D5008DC8BA /* TitleCollectionViewCell.m in Sources */ = {isa = PBXBuildFile; fileRef = 222AEEAB1FBD29D5008DC8BA /* TitleCollectionViewCell.m */; };
		222AEEAE1FBD29D5008DC8BA /* TitleCollectionViewCell.xib in Resources */ = {isa = PBXBuildFile; fileRef = 222AEEAC1FBD29D5008DC8BA /* TitleCollectionViewCell.xib */; };
		222AEEB21FBD29E8008DC8BA /* ListCollectionViewCell.m in Sources */ = {isa = PBXBuildFile; fileRef = 222AEEB01FBD29E8008DC8BA /* ListCollectionViewCell.m */; };
		222AEEB31FBD29E8008DC8BA /* ListCollectionViewCell.xib in Resources */ = {isa = PBXBuildFile; fileRef = 222AEEB11FBD29E8008DC8BA /* ListCollectionViewCell.xib */; };
		222AEEBB1FBD3225008DC8BA /* TitleModel.m in Sources */ = {isa = PBXBuildFile; fileRef = 222AEEBA1FBD3225008DC8BA /* TitleModel.m */; };
		222AEEBE1FBD3B22008DC8BA /* Item4ViewController.m in Sources */ = {isa = PBXBuildFile; fileRef = 222AEEBD1FBD3B22008DC8BA /* Item4ViewController.m */; };
		222AEEC61FBD673A008DC8BA /* SelectMenuViewController.m in Sources */ = {isa = PBXBuildFile; fileRef = 222AEEC51FBD673A008DC8BA /* SelectMenuViewController.m */; };
		222AEEC91FBE7B97008DC8BA /* MenuViewController.m in Sources */ = {isa = PBXBuildFile; fileRef = 222AEEC81FBE7B97008DC8BA /* MenuViewController.m */; };
		222AEECC1FBE7C2A008DC8BA /* Item2ViewController.m in Sources */ = {isa = PBXBuildFile; fileRef = 222AEECB1FBE7C2A008DC8BA /* Item2ViewController.m */; };
		222AEECF1FBE8DC6008DC8BA /* GoodsModel.m in Sources */ = {isa = PBXBuildFile; fileRef = 222AEECE1FBE8DC6008DC8BA /* GoodsModel.m */; };
		DEFC16B8CE0D8788B6FD1B3E /* libPods-2017年11月15日.a in Frameworks */ = {isa = PBXBuildFile; fileRef = 63D5461D055DBFCC27A22AFB /* libPods-2017年11月15日.a */; };
/* End PBXBuildFile section */

/* Begin PBXFileReference section */
		1B57428293820C9E08631C77 /* Pods-2017年11月15日.debug.xcconfig */ = {isa = PBXFileReference; includeInIndex = 1; lastKnownFileType = text.xcconfig; name = "Pods-2017年11月15日.debug.xcconfig"; path = "Pods/Target Support Files/Pods-2017年11月15日/Pods-2017年11月15日.debug.xcconfig"; sourceTree = "<group>"; };
		222AEE841FBBDDC0008DC8BA /* 2017年11月15日.app */ = {isa = PBXFileReference; explicitFileType = wrapper.application; includeInIndex = 0; path = "2017年11月15日.app"; sourceTree = BUILT_PRODUCTS_DIR; };
		222AEE871FBBDDC0008DC8BA /* AppDelegate.h */ = {isa = PBXFileReference; lastKnownFileType = sourcecode.c.h; path = AppDelegate.h; sourceTree = "<group>"; };
		222AEE881FBBDDC0008DC8BA /* AppDelegate.m */ = {isa = PBXFileReference; lastKnownFileType = sourcecode.c.objc; path = AppDelegate.m; sourceTree = "<group>"; };
		222AEE8A1FBBDDC0008DC8BA /* ViewController.h */ = {isa = PBXFileReference; lastKnownFileType = sourcecode.c.h; path = ViewController.h; sourceTree = "<group>"; };
		222AEE8B1FBBDDC0008DC8BA /* ViewController.m */ = {isa = PBXFileReference; lastKnownFileType = sourcecode.c.objc; path = ViewController.m; sourceTree = "<group>"; };
		222AEE8E1FBBDDC0008DC8BA /* Base */ = {isa = PBXFileReference; lastKnownFileType = file.storyboard; name = Base; path = Base.lproj/Main.storyboard; sourceTree = "<group>"; };
		222AEE901FBBDDC0008DC8BA /* Assets.xcassets */ = {isa = PBXFileReference; lastKnownFileType = folder.assetcatalog; path = Assets.xcassets; sourceTree = "<group>"; };
		222AEE931FBBDDC0008DC8BA /* Base */ = {isa = PBXFileReference; lastKnownFileType = file.storyboard; name = Base; path = Base.lproj/LaunchScreen.storyboard; sourceTree = "<group>"; };
		222AEE951FBBDDC1008DC8BA /* Info.plist */ = {isa = PBXFileReference; lastKnownFileType = text.plist.xml; path = Info.plist; sourceTree = "<group>"; };
		222AEE961FBBDDC1008DC8BA /* main.m */ = {isa = PBXFileReference; lastKnownFileType = sourcecode.c.objc; path = main.m; sourceTree = "<group>"; };
		222AEEA11FBC272A008DC8BA /* BaseTabBar.h */ = {isa = PBXFileReference; lastKnownFileType = sourcecode.c.h; path = BaseTabBar.h; sourceTree = "<group>"; };
		222AEEA21FBC272A008DC8BA /* BaseTabBar.m */ = {isa = PBXFileReference; lastKnownFileType = sourcecode.c.objc; path = BaseTabBar.m; sourceTree = "<group>"; };
		222AEEA41FBD2881008DC8BA /* Item5CollectionViewController.h */ = {isa = PBXFileReference; lastKnownFileType = sourcecode.c.h; path = Item5CollectionViewController.h; sourceTree = "<group>"; };
		222AEEA51FBD2881008DC8BA /* Item5CollectionViewController.m */ = {isa = PBXFileReference; lastKnownFileType = sourcecode.c.objc; path = Item5CollectionViewController.m; sourceTree = "<group>"; };
		222AEEAA1FBD29D5008DC8BA /* TitleCollectionViewCell.h */ = {isa = PBXFileReference; lastKnownFileType = sourcecode.c.h; path = TitleCollectionViewCell.h; sourceTree = "<group>"; };
		222AEEAB1FBD29D5008DC8BA /* TitleCollectionViewCell.m */ = {isa = PBXFileReference; lastKnownFileType = sourcecode.c.objc; path = TitleCollectionViewCell.m; sourceTree = "<group>"; };
		222AEEAC1FBD29D5008DC8BA /* TitleCollectionViewCell.xib */ = {isa = PBXFileReference; lastKnownFileType = file.xib; path = TitleCollectionViewCell.xib; sourceTree = "<group>"; };
		222AEEAF1FBD29E8008DC8BA /* ListCollectionViewCell.h */ = {isa = PBXFileReference; lastKnownFileType = sourcecode.c.h; path = ListCollectionViewCell.h; sourceTree = "<group>"; };
		222AEEB01FBD29E8008DC8BA /* ListCollectionViewCell.m */ = {isa = PBXFileReference; lastKnownFileType = sourcecode.c.objc; path = ListCollectionViewCell.m; sourceTree = "<group>"; };
		222AEEB11FBD29E8008DC8BA /* ListCollectionViewCell.xib */ = {isa = PBXFileReference; lastKnownFileType = file.xib; path = ListCollectionViewCell.xib; sourceTree = "<group>"; };
		222AEEB91FBD3225008DC8BA /* TitleModel.h */ = {isa = PBXFileReference; lastKnownFileType = sourcecode.c.h; path = TitleModel.h; sourceTree = "<group>"; };
		222AEEBA1FBD3225008DC8BA /* TitleModel.m */ = {isa = PBXFileReference; lastKnownFileType = sourcecode.c.objc; path = TitleModel.m; sourceTree = "<group>"; };
		222AEEBC1FBD3B22008DC8BA /* Item4ViewController.h */ = {isa = PBXFileReference; lastKnownFileType = sourcecode.c.h; path = Item4ViewController.h; sourceTree = "<group>"; };
		222AEEBD1FBD3B22008DC8BA /* Item4ViewController.m */ = {isa = PBXFileReference; lastKnownFileType = sourcecode.c.objc; path = Item4ViewController.m; sourceTree = "<group>"; };
		222AEEC41FBD673A008DC8BA /* SelectMenuViewController.h */ = {isa = PBXFileReference; lastKnownFileType = sourcecode.c.h; path = SelectMenuViewController.h; sourceTree = "<group>"; };
		222AEEC51FBD673A008DC8BA /* SelectMenuViewController.m */ = {isa = PBXFileReference; lastKnownFileType = sourcecode.c.objc; path = SelectMenuViewController.m; sourceTree = "<group>"; };
		222AEEC71FBE7B97008DC8BA /* MenuViewController.h */ = {isa = PBXFileReference; lastKnownFileType = sourcecode.c.h; path = MenuViewController.h; sourceTree = "<group>"; };
		222AEEC81FBE7B97008DC8BA /* MenuViewController.m */ = {isa = PBXFileReference; lastKnownFileType = sourcecode.c.objc; path = MenuViewController.m; sourceTree = "<group>"; };
		222AEECA1FBE7C2A008DC8BA /* Item2ViewController.h */ = {isa = PBXFileReference; lastKnownFileType = sourcecode.c.h; path = Item2ViewController.h; sourceTree = "<group>"; };
		222AEECB1FBE7C2A008DC8BA /* Item2ViewController.m */ = {isa = PBXFileReference; lastKnownFileType = sourcecode.c.objc; path = Item2ViewController.m; sourceTree = "<group>"; };
		222AEECD1FBE8DC6008DC8BA /* GoodsModel.h */ = {isa = PBXFileReference; lastKnownFileType = sourcecode.c.h; path = GoodsModel.h; sourceTree = "<group>"; };
		222AEECE1FBE8DC6008DC8BA /* GoodsModel.m */ = {isa = PBXFileReference; lastKnownFileType = sourcecode.c.objc; path = GoodsModel.m; sourceTree = "<group>"; };
		63D5461D055DBFCC27A22AFB /* libPods-2017年11月15日.a */ = {isa = PBXFileReference; explicitFileType = archive.ar; includeInIndex = 0; path = "libPods-2017年11月15日.a"; sourceTree = BUILT_PRODUCTS_DIR; };
		DD678ED4A091E964146B7A5F /* Pods-2017年11月15日.release.xcconfig */ = {isa = PBXFileReference; includeInIndex = 1; lastKnownFileType = text.xcconfig; name = "Pods-2017年11月15日.release.xcconfig"; path = "Pods/Target Support Files/Pods-2017年11月15日/Pods-2017年11月15日.release.xcconfig"; sourceTree = "<group>"; };
/* End PBXFileReference section */

/* Begin PBXFrameworksBuildPhase section */
		222AEE811FBBDDC0008DC8BA /* Frameworks */ = {
			isa = PBXFrameworksBuildPhase;
			buildActionMask = 2147483647;
			files = (
				DEFC16B8CE0D8788B6FD1B3E /* libPods-2017年11月15日.a in Frameworks */,
			);
			runOnlyForDeploymentPostprocessing = 0;
		};
/* End PBXFrameworksBuildPhase section */

/* Begin PBXGroup section */
		222AEE7B1FBBDDC0008DC8BA = {
			isa = PBXGroup;
			children = (
				222AEE861FBBDDC0008DC8BA /* 2017年11月15日 */,
				222AEE851FBBDDC0008DC8BA /* Products */,
				83AF97B4A7B4ECB0050D2041 /* Pods */,
				D2E087FF5852A7FB9555663F /* Frameworks */,
			);
			sourceTree = "<group>";
		};
		222AEE851FBBDDC0008DC8BA /* Products */ = {
			isa = PBXGroup;
			children = (
				222AEE841FBBDDC0008DC8BA /* 2017年11月15日.app */,
			);
			name = Products;
			sourceTree = "<group>";
		};
		222AEE861FBBDDC0008DC8BA /* 2017年11月15日 */ = {
			isa = PBXGroup;
			children = (
				222AEE871FBBDDC0008DC8BA /* AppDelegate.h */,
				222AEE881FBBDDC0008DC8BA /* AppDelegate.m */,
				222AEE8A1FBBDDC0008DC8BA /* ViewController.h */,
				222AEE8B1FBBDDC0008DC8BA /* ViewController.m */,
				222AEEA11FBC272A008DC8BA /* BaseTabBar.h */,
				222AEEA21FBC272A008DC8BA /* BaseTabBar.m */,
				222AEE8D1FBBDDC0008DC8BA /* Main.storyboard */,
				222AEEC41FBD673A008DC8BA /* SelectMenuViewController.h */,
				222AEEC51FBD673A008DC8BA /* SelectMenuViewController.m */,
				222AEEC71FBE7B97008DC8BA /* MenuViewController.h */,
				222AEEC81FBE7B97008DC8BA /* MenuViewController.m */,
				222AEECA1FBE7C2A008DC8BA /* Item2ViewController.h */,
				222AEECB1FBE7C2A008DC8BA /* Item2ViewController.m */,
				222AEEBC1FBD3B22008DC8BA /* Item4ViewController.h */,
				222AEEBD1FBD3B22008DC8BA /* Item4ViewController.m */,
				222AEEA41FBD2881008DC8BA /* Item5CollectionViewController.h */,
				222AEEA51FBD2881008DC8BA /* Item5CollectionViewController.m */,
				222AEEB91FBD3225008DC8BA /* TitleModel.h */,
				222AEEBA1FBD3225008DC8BA /* TitleModel.m */,
				222AEECD1FBE8DC6008DC8BA /* GoodsModel.h */,
				222AEECE1FBE8DC6008DC8BA /* GoodsModel.m */,
				222AEEAA1FBD29D5008DC8BA /* TitleCollectionViewCell.h */,
				222AEEAB1FBD29D5008DC8BA /* TitleCollectionViewCell.m */,
				222AEEAC1FBD29D5008DC8BA /* TitleCollectionViewCell.xib */,
				222AEEAF1FBD29E8008DC8BA /* ListCollectionViewCell.h */,
				222AEEB01FBD29E8008DC8BA /* ListCollectionViewCell.m */,
				222AEEB11FBD29E8008DC8BA /* ListCollectionViewCell.xib */,
				222AEE901FBBDDC0008DC8BA /* Assets.xcassets */,
				222AEE921FBBDDC0008DC8BA /* LaunchScreen.storyboard */,
				222AEE951FBBDDC1008DC8BA /* Info.plist */,
				222AEE961FBBDDC1008DC8BA /* main.m */,
			);
			path = "2017年11月15日";
			sourceTree = "<group>";
		};
		83AF97B4A7B4ECB0050D2041 /* Pods */ = {
			isa = PBXGroup;
			children = (
				1B57428293820C9E08631C77 /* Pods-2017年11月15日.debug.xcconfig */,
				DD678ED4A091E964146B7A5F /* Pods-2017年11月15日.release.xcconfig */,
			);
			name = Pods;
			sourceTree = "<group>";
		};
		D2E087FF5852A7FB9555663F /* Frameworks */ = {
			isa = PBXGroup;
			children = (
				63D5461D055DBFCC27A22AFB /* libPods-2017年11月15日.a */,
			);
			name = Frameworks;
			sourceTree = "<group>";
		};
/* End PBXGroup section */

/* Begin PBXNativeTarget section */
		222AEE831FBBDDC0008DC8BA /* 2017年11月15日 */ = {
			isa = PBXNativeTarget;
			buildConfigurationList = 222AEE9A1FBBDDC1008DC8BA /* Build configuration list for PBXNativeTarget "2017年11月15日" */;
			buildPhases = (
				F6F37923262D5C7C8A3ADC55 /* [CP] Check Pods Manifest.lock */,
				222AEE801FBBDDC0008DC8BA /* Sources */,
				222AEE811FBBDDC0008DC8BA /* Frameworks */,
				222AEE821FBBDDC0008DC8BA /* Resources */,
				2C4B082C4C3A76EF968A8911 /* [CP] Embed Pods Frameworks */,
				D917C212C4B2EB751A1477E0 /* [CP] Copy Pods Resources */,
			);
			buildRules = (
			);
			dependencies = (
			);
			name = "2017年11月15日";
			productName = "2017年11月15日";
			productReference = 222AEE841FBBDDC0008DC8BA /* 2017年11月15日.app */;
			productType = "com.apple.product-type.application";
		};
/* End PBXNativeTarget section */

/* Begin PBXProject section */
		222AEE7C1FBBDDC0008DC8BA /* Project object */ = {
			isa = PBXProject;
			attributes = {
				LastUpgradeCheck = 0910;
				ORGANIZATIONNAME = shuai;
				TargetAttributes = {
					222AEE831FBBDDC0008DC8BA = {
						CreatedOnToolsVersion = 9.1;
						ProvisioningStyle = Automatic;
					};
				};
			};
			buildConfigurationList = 222AEE7F1FBBDDC0008DC8BA /* Build configuration list for PBXProject "2017年11月15日" */;
			compatibilityVersion = "Xcode 8.0";
			developmentRegion = en;
			hasScannedForEncodings = 0;
			knownRegions = (
				en,
				Base,
			);
			mainGroup = 222AEE7B1FBBDDC0008DC8BA;
			productRefGroup = 222AEE851FBBDDC0008DC8BA /* Products */;
			projectDirPath = "";
			projectRoot = "";
			targets = (
				222AEE831FBBDDC0008DC8BA /* 2017年11月15日 */,
			);
		};
/* End PBXProject section */

/* Begin PBXResourcesBuildPhase section */
		222AEE821FBBDDC0008DC8BA /* Resources */ = {
			isa = PBXResourcesBuildPhase;
			buildActionMask = 2147483647;
			files = (
				222AEEB31FBD29E8008DC8BA /* ListCollectionViewCell.xib in Resources */,
				222AEE941FBBDDC0008DC8BA /* LaunchScreen.storyboard in Resources */,
				222AEEAE1FBD29D5008DC8BA /* TitleCollectionViewCell.xib in Resources */,
				222AEE911FBBDDC0008DC8BA /* Assets.xcassets in Resources */,
				222AEE8F1FBBDDC0008DC8BA /* Main.storyboard in Resources */,
			);
			runOnlyForDeploymentPostprocessing = 0;
		};
/* End PBXResourcesBuildPhase section */

/* Begin PBXShellScriptBuildPhase section */
		2C4B082C4C3A76EF968A8911 /* [CP] Embed Pods Frameworks */ = {
			isa = PBXShellScriptBuildPhase;
			buildActionMask = 2147483647;
			files = (
			);
			inputPaths = (
			);
			name = "[CP] Embed Pods Frameworks";
			outputPaths = (
			);
			runOnlyForDeploymentPostprocessing = 0;
			shellPath = /bin/sh;
			shellScript = "\"${SRCROOT}/Pods/Target Support Files/Pods-2017年11月15日/Pods-2017年11月15日-frameworks.sh\"\n";
			showEnvVarsInLog = 0;
		};
		D917C212C4B2EB751A1477E0 /* [CP] Copy Pods Resources */ = {
			isa = PBXShellScriptBuildPhase;
			buildActionMask = 2147483647;
			files = (
			);
			inputPaths = (
				"${SRCROOT}/Pods/Target Support Files/Pods-2017年11月15日/Pods-2017年11月15日-resources.sh",
				"${PODS_ROOT}/IQKeyboardManager/IQKeyboardManager/Resources/IQKeyboardManager.bundle",
			);
			name = "[CP] Copy Pods Resources";
			outputPaths = (
				"${TARGET_BUILD_DIR}/${UNLOCALIZED_RESOURCES_FOLDER_PATH}",
			);
			runOnlyForDeploymentPostprocessing = 0;
			shellPath = /bin/sh;
			shellScript = "\"${SRCROOT}/Pods/Target Support Files/Pods-2017年11月15日/Pods-2017年11月15日-resources.sh\"\n";
			showEnvVarsInLog = 0;
		};
		F6F37923262D5C7C8A3ADC55 /* [CP] Check Pods Manifest.lock */ = {
			isa = PBXShellScriptBuildPhase;
			buildActionMask = 2147483647;
			files = (
			);
			inputPaths = (
				"${PODS_PODFILE_DIR_PATH}/Podfile.lock",
				"${PODS_ROOT}/Manifest.lock",
			);
			name = "[CP] Check Pods Manifest.lock";
			outputPaths = (
				"$(DERIVED_FILE_DIR)/Pods-2017年11月15日-checkManifestLockResult.txt",
			);
			runOnlyForDeploymentPostprocessing = 0;
			shellPath = /bin/sh;
			shellScript = "diff \"${PODS_PODFILE_DIR_PATH}/Podfile.lock\" \"${PODS_ROOT}/Manifest.lock\" > /dev/null\nif [ $? != 0 ] ; then\n    # print error to STDERR\n    echo \"error: The sandbox is not in sync with the Podfile.lock. Run 'pod install' or update your CocoaPods installation.\" >&2\n    exit 1\nfi\n# This output is used by Xcode 'outputs' to avoid re-running this script phase.\necho \"SUCCESS\" > \"${SCRIPT_OUTPUT_FILE_0}\"\n";
			showEnvVarsInLog = 0;
		};
/* End PBXShellScriptBuildPhase section */

/* Begin PBXSourcesBuildPhase section */
		222AEE801FBBDDC0008DC8BA /* Sources */ = {
			isa = PBXSourcesBuildPhase;
			buildActionMask = 2147483647;
			files = (
				222AEEBE1FBD3B22008DC8BA /* Item4ViewController.m in Sources */,
				222AEE8C1FBBDDC0008DC8BA /* ViewController.m in Sources */,
				222AEEAD1FBD29D5008DC8BA /* TitleCollectionViewCell.m in Sources */,
				222AEEBB1FBD3225008DC8BA /* TitleModel.m in Sources */,
				222AEECC1FBE7C2A008DC8BA /* Item2ViewController.m in Sources */,
				222AEE971FBBDDC1008DC8BA /* main.m in Sources */,
				222AEEA31FBC272A008DC8BA /* BaseTabBar.m in Sources */,
				222AEEA61FBD2881008DC8BA /* Item5CollectionViewController.m in Sources */,
				222AEEC61FBD673A008DC8BA /* SelectMenuViewController.m in Sources */,
				222AEEB21FBD29E8008DC8BA /* ListCollectionViewCell.m in Sources */,
				222AEEC91FBE7B97008DC8BA /* MenuViewController.m in Sources */,
				222AEE891FBBDDC0008DC8BA /* AppDelegate.m in Sources */,
				222AEECF1FBE8DC6008DC8BA /* GoodsModel.m in Sources */,
			);
			runOnlyForDeploymentPostprocessing = 0;
		};
/* End PBXSourcesBuildPhase section */

/* Begin PBXVariantGroup section */
		222AEE8D1FBBDDC0008DC8BA /* Main.storyboard */ = {
			isa = PBXVariantGroup;
			children = (
				222AEE8E1FBBDDC0008DC8BA /* Base */,
			);
			name = Main.storyboard;
			sourceTree = "<group>";
		};
		222AEE921FBBDDC0008DC8BA /* LaunchScreen.storyboard */ = {
			isa = PBXVariantGroup;
			children = (
				222AEE931FBBDDC0008DC8BA /* Base */,
			);
			name = LaunchScreen.storyboard;
			sourceTree = "<group>";
		};
/* End PBXVariantGroup section */

/* Begin XCBuildConfiguration section */
		222AEE981FBBDDC1008DC8BA /* Debug */ = {
			isa = XCBuildConfiguration;
			buildSettings = {
				ALWAYS_SEARCH_USER_PATHS = NO;
				CLANG_ANALYZER_NONNULL = YES;
				CLANG_ANALYZER_NUMBER_OBJECT_CONVERSION = YES_AGGRESSIVE;
				CLANG_CXX_LANGUAGE_STANDARD = "gnu++14";
				CLANG_CXX_LIBRARY = "libc++";
				CLANG_ENABLE_MODULES = YES;
				CLANG_ENABLE_OBJC_ARC = YES;
				CLANG_WARN_BLOCK_CAPTURE_AUTORELEASING = YES;
				CLANG_WARN_BOOL_CONVERSION = YES;
				CLANG_WARN_COMMA = YES;
				CLANG_WARN_CONSTANT_CONVERSION = YES;
				CLANG_WARN_DIRECT_OBJC_ISA_USAGE = YES_ERROR;
				CLANG_WARN_DOCUMENTATION_COMMENTS = YES;
				CLANG_WARN_EMPTY_BODY = YES;
				CLANG_WARN_ENUM_CONVERSION = YES;
				CLANG_WARN_INFINITE_RECURSION = YES;
				CLANG_WARN_INT_CONVERSION = YES;
				CLANG_WARN_NON_LITERAL_NULL_CONVERSION = YES;
				CLANG_WARN_OBJC_LITERAL_CONVERSION = YES;
				CLANG_WARN_OBJC_ROOT_CLASS = YES_ERROR;
				CLANG_WARN_RANGE_LOOP_ANALYSIS = YES;
				CLANG_WARN_STRICT_PROTOTYPES = YES;
				CLANG_WARN_SUSPICIOUS_MOVE = YES;
				CLANG_WARN_UNGUARDED_AVAILABILITY = YES_AGGRESSIVE;
				CLANG_WARN_UNREACHABLE_CODE = YES;
				CLANG_WARN__DUPLICATE_METHOD_MATCH = YES;
				CODE_SIGN_IDENTITY = "iPhone Developer";
				COPY_PHASE_STRIP = NO;
				DEBUG_INFORMATION_FORMAT = dwarf;
				ENABLE_STRICT_OBJC_MSGSEND = YES;
				ENABLE_TESTABILITY = YES;
				GCC_C_LANGUAGE_STANDARD = gnu11;
				GCC_DYNAMIC_NO_PIC = NO;
				GCC_NO_COMMON_BLOCKS = YES;
				GCC_OPTIMIZATION_LEVEL = 0;
				GCC_PREPROCESSOR_DEFINITIONS = (
					"DEBUG=1",
					"$(inherited)",
				);
				GCC_WARN_64_TO_32_BIT_CONVERSION = YES;
				GCC_WARN_ABOUT_RETURN_TYPE = YES_ERROR;
				GCC_WARN_UNDECLARED_SELECTOR = YES;
				GCC_WARN_UNINITIALIZED_AUTOS = YES_AGGRESSIVE;
				GCC_WARN_UNUSED_FUNCTION = YES;
				GCC_WARN_UNUSED_VARIABLE = YES;
				IPHONEOS_DEPLOYMENT_TARGET = 11.1;
				MTL_ENABLE_DEBUG_INFO = YES;
				ONLY_ACTIVE_ARCH = YES;
				SDKROOT = iphoneos;
			};
			name = Debug;
		};
		222AEE991FBBDDC1008DC8BA /* Release */ = {
			isa = XCBuildConfiguration;
			buildSettings = {
				ALWAYS_SEARCH_USER_PATHS = NO;
				CLANG_ANALYZER_NONNULL = YES;
				CLANG_ANALYZER_NUMBER_OBJECT_CONVERSION = YES_AGGRESSIVE;
				CLANG_CXX_LANGUAGE_STANDARD = "gnu++14";
				CLANG_CXX_LIBRARY = "libc++";
				CLANG_ENABLE_MODULES = YES;
				CLANG_ENABLE_OBJC_ARC = YES;
				CLANG_WARN_BLOCK_CAPTURE_AUTORELEASING = YES;
				CLANG_WARN_BOOL_CONVERSION = YES;
				CLANG_WARN_COMMA = YES;
				CLANG_WARN_CONSTANT_CONVERSION = YES;
				CLANG_WARN_DIRECT_OBJC_ISA_USAGE = YES_ERROR;
				CLANG_WARN_DOCUMENTATION_COMMENTS = YES;
				CLANG_WARN_EMPTY_BODY = YES;
				CLANG_WARN_ENUM_CONVERSION = YES;
				CLANG_WARN_INFINITE_RECURSION = YES;
				CLANG_WARN_INT_CONVERSION = YES;
				CLANG_WARN_NON_LITERAL_NULL_CONVERSION = YES;
				CLANG_WARN_OBJC_LITERAL_CONVERSION = YES;
				CLANG_WARN_OBJC_ROOT_CLASS = YES_ERROR;
				CLANG_WARN_RANGE_LOOP_ANALYSIS = YES;
				CLANG_WARN_STRICT_PROTOTYPES = YES;
				CLANG_WARN_SUSPICIOUS_MOVE = YES;
				CLANG_WARN_UNGUARDED_AVAILABILITY = YES_AGGRESSIVE;
				CLANG_WARN_UNREACHABLE_CODE = YES;
				CLANG_WARN__DUPLICATE_METHOD_MATCH = YES;
				CODE_SIGN_IDENTITY = "iPhone Developer";
				COPY_PHASE_STRIP = NO;
				DEBUG_INFORMATION_FORMAT = "dwarf-with-dsym";
				ENABLE_NS_ASSERTIONS = NO;
				ENABLE_STRICT_OBJC_MSGSEND = YES;
				GCC_C_LANGUAGE_STANDARD = gnu11;
				GCC_NO_COMMON_BLOCKS = YES;
				GCC_WARN_64_TO_32_BIT_CONVERSION = YES;
				GCC_WARN_ABOUT_RETURN_TYPE = YES_ERROR;
				GCC_WARN_UNDECLARED_SELECTOR = YES;
				GCC_WARN_UNINITIALIZED_AUTOS = YES_AGGRESSIVE;
				GCC_WARN_UNUSED_FUNCTION = YES;
				GCC_WARN_UNUSED_VARIABLE = YES;
				IPHONEOS_DEPLOYMENT_TARGET = 11.1;
				MTL_ENABLE_DEBUG_INFO = NO;
				SDKROOT = iphoneos;
				VALIDATE_PRODUCT = YES;
			};
			name = Release;
		};
		222AEE9B1FBBDDC1008DC8BA /* Debug */ = {
			isa = XCBuildConfiguration;
			baseConfigurationReference = 1B57428293820C9E08631C77 /* Pods-2017年11月15日.debug.xcconfig */;
			buildSettings = {
				ASSETCATALOG_COMPILER_APPICON_NAME = AppIcon;
				CODE_SIGN_STYLE = Automatic;
				DEVELOPMENT_TEAM = NCFKXV5U7R;
				INFOPLIST_FILE = "2017年11月15日/Info.plist";
				LD_RUNPATH_SEARCH_PATHS = "$(inherited) @executable_path/Frameworks";
				PRODUCT_BUNDLE_IDENTIFIER = "shuai.-017-11-15-";
				PRODUCT_NAME = "$(TARGET_NAME)";
				TARGETED_DEVICE_FAMILY = 1;
			};
			name = Debug;
		};
		222AEE9C1FBBDDC1008DC8BA /* Release */ = {
			isa = XCBuildConfiguration;
			baseConfigurationReference = DD678ED4A091E964146B7A5F /* Pods-2017年11月15日.release.xcconfig */;
			buildSettings = {
				ASSETCATALOG_COMPILER_APPICON_NAME = AppIcon;
				CODE_SIGN_STYLE = Automatic;
				DEVELOPMENT_TEAM = NCFKXV5U7R;
				INFOPLIST_FILE = "2017年11月15日/Info.plist";
				LD_RUNPATH_SEARCH_PATHS = "$(inherited) @executable_path/Frameworks";
				PRODUCT_BUNDLE_IDENTIFIER = "shuai.-017-11-15-";
				PRODUCT_NAME = "$(TARGET_NAME)";
				TARGETED_DEVICE_FAMILY = 1;
			};
			name = Release;
		};
/* End XCBuildConfiguration section */

/* Begin XCConfigurationList section */
		222AEE7F1FBBDDC0008DC8BA /* Build configuration list for PBXProject "2017年11月15日" */ = {
			isa = XCConfigurationList;
			buildConfigurations = (
				222AEE981FBBDDC1008DC8BA /* Debug */,
				222AEE991FBBDDC1008DC8BA /* Release */,
			);
			defaultConfigurationIsVisible = 0;
			defaultConfigurationName = Release;
		};
		222AEE9A1FBBDDC1008DC8BA /* Build configuration list for PBXNativeTarget "2017年11月15日" */ = {
			isa = XCConfigurationList;
			buildConfigurations = (
				222AEE9B1FBBDDC1008DC8BA /* Debug */,
				222AEE9C1FBBDDC1008DC8BA /* Release */,
			);
			defaultConfigurationIsVisible = 0;
			defaultConfigurationName = Release;
		};
/* End XCConfigurationList section */
	};
	rootObject = 222AEE7C1FBBDDC0008DC8BA /* Project object */;
}
