// !$*UTF8*$!
{
	archiveVersion = 1;
	classes = {
	};
	objectVersion = 46;
	objects = {

/* Begin PBXBuildFile section */
		22FD84821F1252EB00DFB93E /* main.m in Sources */ = {isa = PBXBuildFile; fileRef = 22FD84811F1252EB00DFB93E /* main.m */; };
		22FD84851F1252EB00DFB93E /* AppDelegate.m in Sources */ = {isa = PBXBuildFile; fileRef = 22FD84841F1252EB00DFB93E /* AppDelegate.m */; };
		22FD84881F1252EB00DFB93E /* ViewController.m in Sources */ = {isa = PBXBuildFile; fileRef = 22FD84871F1252EB00DFB93E /* ViewController.m */; };
		22FD848B1F1252EB00DFB93E /* Main.storyboard in Resources */ = {isa = PBXBuildFile; fileRef = 22FD84891F1252EB00DFB93E /* Main.storyboard */; };
		22FD848D1F1252EB00DFB93E /* Assets.xcassets in Resources */ = {isa = PBXBuildFile; fileRef = 22FD848C1F1252EB00DFB93E /* Assets.xcassets */; };
		22FD84901F1252EB00DFB93E /* LaunchScreen.storyboard in Resources */ = {isa = PBXBuildFile; fileRef = 22FD848E1F1252EB00DFB93E /* LaunchScreen.storyboard */; };
		22FD84991F12530800DFB93E /* Test.m in Sources */ = {isa = PBXBuildFile; fileRef = 22FD84981F12530800DFB93E /* Test.m */; };
		22FD84A21F12542200DFB93E /* Test1.m in Sources */ = {isa = PBXBuildFile; fileRef = 22FD84A11F12542200DFB93E /* Test1.m */; };
		22FD84A51F12543200DFB93E /* Test2.m in Sources */ = {isa = PBXBuildFile; fileRef = 22FD84A41F12543200DFB93E /* Test2.m */; };
/* End PBXBuildFile section */

/* Begin PBXFileReference section */
		22FD847D1F1252EB00DFB93E /* Test2017-07-09.app */ = {isa = PBXFileReference; explicitFileType = wrapper.application; includeInIndex = 0; path = "Test2017-07-09.app"; sourceTree = BUILT_PRODUCTS_DIR; };
		22FD84811F1252EB00DFB93E /* main.m */ = {isa = PBXFileReference; lastKnownFileType = sourcecode.c.objc; path = main.m; sourceTree = "<group>"; };
		22FD84831F1252EB00DFB93E /* AppDelegate.h */ = {isa = PBXFileReference; lastKnownFileType = sourcecode.c.h; path = AppDelegate.h; sourceTree = "<group>"; };
		22FD84841F1252EB00DFB93E /* AppDelegate.m */ = {isa = PBXFileReference; lastKnownFileType = sourcecode.c.objc; path = AppDelegate.m; sourceTree = "<group>"; };
		22FD84861F1252EB00DFB93E /* ViewController.h */ = {isa = PBXFileReference; lastKnownFileType = sourcecode.c.h; path = ViewController.h; sourceTree = "<group>"; };
		22FD84871F1252EB00DFB93E /* ViewController.m */ = {isa = PBXFileReference; lastKnownFileType = sourcecode.c.objc; path = ViewController.m; sourceTree = "<group>"; };
		22FD848A1F1252EB00DFB93E /* Base */ = {isa = PBXFileReference; lastKnownFileType = file.storyboard; name = Base; path = Base.lproj/Main.storyboard; sourceTree = "<group>"; };
		22FD848C1F1252EB00DFB93E /* Assets.xcassets */ = {isa = PBXFileReference; lastKnownFileType = folder.assetcatalog; path = Assets.xcassets; sourceTree = "<group>"; };
		22FD848F1F1252EB00DFB93E /* Base */ = {isa = PBXFileReference; lastKnownFileType = file.storyboard; name = Base; path = Base.lproj/LaunchScreen.storyboard; sourceTree = "<group>"; };
		22FD84911F1252EB00DFB93E /* Info.plist */ = {isa = PBXFileReference; lastKnownFileType = text.plist.xml; path = Info.plist; sourceTree = "<group>"; };
		22FD84971F12530800DFB93E /* Test.h */ = {isa = PBXFileReference; fileEncoding = 4; lastKnownFileType = sourcecode.c.h; path = Test.h; sourceTree = "<group>"; };
		22FD84981F12530800DFB93E /* Test.m */ = {isa = PBXFileReference; fileEncoding = 4; lastKnownFileType = sourcecode.c.objc; path = Test.m; sourceTree = "<group>"; };
		22FD84A01F12542200DFB93E /* Test1.h */ = {isa = PBXFileReference; fileEncoding = 4; lastKnownFileType = sourcecode.c.h; path = Test1.h; sourceTree = "<group>"; };
		22FD84A11F12542200DFB93E /* Test1.m */ = {isa = PBXFileReference; fileEncoding = 4; lastKnownFileType = sourcecode.c.objc; path = Test1.m; sourceTree = "<group>"; };
		22FD84A31F12543200DFB93E /* Test2.h */ = {isa = PBXFileReference; fileEncoding = 4; lastKnownFileType = sourcecode.c.h; path = Test2.h; sourceTree = "<group>"; };
		22FD84A41F12543200DFB93E /* Test2.m */ = {isa = PBXFileReference; fileEncoding = 4; lastKnownFileType = sourcecode.c.objc; path = Test2.m; sourceTree = "<group>"; };
/* End PBXFileReference section */

/* Begin PBXFrameworksBuildPhase section */
		22FD847A1F1252EB00DFB93E /* Frameworks */ = {
			isa = PBXFrameworksBuildPhase;
			buildActionMask = 2147483647;
			files = (
			);
			runOnlyForDeploymentPostprocessing = 0;
		};
/* End PBXFrameworksBuildPhase section */

/* Begin PBXGroup section */
		22FD84741F1252EB00DFB93E = {
			isa = PBXGroup;
			children = (
				22FD847F1F1252EB00DFB93E /* Test2017-07-09 */,
				22FD847E1F1252EB00DFB93E /* Products */,
			);
			sourceTree = "<group>";
		};
		22FD847E1F1252EB00DFB93E /* Products */ = {
			isa = PBXGroup;
			children = (
				22FD847D1F1252EB00DFB93E /* Test2017-07-09.app */,
			);
			name = Products;
			sourceTree = "<group>";
		};
		22FD847F1F1252EB00DFB93E /* Test2017-07-09 */ = {
			isa = PBXGroup;
			children = (
				22FD84831F1252EB00DFB93E /* AppDelegate.h */,
				22FD84841F1252EB00DFB93E /* AppDelegate.m */,
				22FD84861F1252EB00DFB93E /* ViewController.h */,
				22FD84871F1252EB00DFB93E /* ViewController.m */,
				22FD84971F12530800DFB93E /* Test.h */,
				22FD84981F12530800DFB93E /* Test.m */,
				22FD84A01F12542200DFB93E /* Test1.h */,
				22FD84A11F12542200DFB93E /* Test1.m */,
				22FD84A31F12543200DFB93E /* Test2.h */,
				22FD84A41F12543200DFB93E /* Test2.m */,
				22FD84891F1252EB00DFB93E /* Main.storyboard */,
				22FD848C1F1252EB00DFB93E /* Assets.xcassets */,
				22FD848E1F1252EB00DFB93E /* LaunchScreen.storyboard */,
				22FD84911F1252EB00DFB93E /* Info.plist */,
				22FD84801F1252EB00DFB93E /* Supporting Files */,
			);
			path = "Test2017-07-09";
			sourceTree = "<group>";
		};
		22FD84801F1252EB00DFB93E /* Supporting Files */ = {
			isa = PBXGroup;
			children = (
				22FD84811F1252EB00DFB93E /* main.m */,
			);
			name = "Supporting Files";
			sourceTree = "<group>";
		};
/* End PBXGroup section */

/* Begin PBXNativeTarget section */
		22FD847C1F1252EB00DFB93E /* Test2017-07-09 */ = {
			isa = PBXNativeTarget;
			buildConfigurationList = 22FD84941F1252EB00DFB93E /* Build configuration list for PBXNativeTarget "Test2017-07-09" */;
			buildPhases = (
				22FD84791F1252EB00DFB93E /* Sources */,
				22FD847A1F1252EB00DFB93E /* Frameworks */,
				22FD847B1F1252EB00DFB93E /* Resources */,
			);
			buildRules = (
			);
			dependencies = (
			);
			name = "Test2017-07-09";
			productName = "Test2017-07-09";
			productReference = 22FD847D1F1252EB00DFB93E /* Test2017-07-09.app */;
			productType = "com.apple.product-type.application";
		};
/* End PBXNativeTarget section */

/* Begin PBXProject section */
		22FD84751F1252EB00DFB93E /* Project object */ = {
			isa = PBXProject;
			attributes = {
				LastUpgradeCheck = 0830;
				ORGANIZATIONNAME = shuai;
				TargetAttributes = {
					22FD847C1F1252EB00DFB93E = {
						CreatedOnToolsVersion = 8.3.3;
						DevelopmentTeam = NCFKXV5U7R;
						ProvisioningStyle = Automatic;
					};
				};
			};
			buildConfigurationList = 22FD84781F1252EB00DFB93E /* Build configuration list for PBXProject "Test2017-07-09" */;
			compatibilityVersion = "Xcode 3.2";
			developmentRegion = English;
			hasScannedForEncodings = 0;
			knownRegions = (
				en,
				Base,
			);
			mainGroup = 22FD84741F1252EB00DFB93E;
			productRefGroup = 22FD847E1F1252EB00DFB93E /* Products */;
			projectDirPath = "";
			projectRoot = "";
			targets = (
				22FD847C1F1252EB00DFB93E /* Test2017-07-09 */,
			);
		};
/* End PBXProject section */

/* Begin PBXResourcesBuildPhase section */
		22FD847B1F1252EB00DFB93E /* Resources */ = {
			isa = PBXResourcesBuildPhase;
			buildActionMask = 2147483647;
			files = (
				22FD84901F1252EB00DFB93E /* LaunchScreen.storyboard in Resources */,
				22FD848D1F1252EB00DFB93E /* Assets.xcassets in Resources */,
				22FD848B1F1252EB00DFB93E /* Main.storyboard in Resources */,
			);
			runOnlyForDeploymentPostprocessing = 0;
		};
/* End PBXResourcesBuildPhase section */

/* Begin PBXSourcesBuildPhase section */
		22FD84791F1252EB00DFB93E /* Sources */ = {
			isa = PBXSourcesBuildPhase;
			buildActionMask = 2147483647;
			files = (
				22FD84A51F12543200DFB93E /* Test2.m in Sources */,
				22FD84881F1252EB00DFB93E /* ViewController.m in Sources */,
				22FD84991F12530800DFB93E /* Test.m in Sources */,
				22FD84A21F12542200DFB93E /* Test1.m in Sources */,
				22FD84851F1252EB00DFB93E /* AppDelegate.m in Sources */,
				22FD84821F1252EB00DFB93E /* main.m in Sources */,
			);
			runOnlyForDeploymentPostprocessing = 0;
		};
/* End PBXSourcesBuildPhase section */

/* Begin PBXVariantGroup section */
		22FD84891F1252EB00DFB93E /* Main.storyboard */ = {
			isa = PBXVariantGroup;
			children = (
				22FD848A1F1252EB00DFB93E /* Base */,
			);
			name = Main.storyboard;
			sourceTree = "<group>";
		};
		22FD848E1F1252EB00DFB93E /* LaunchScreen.storyboard */ = {
			isa = PBXVariantGroup;
			children = (
				22FD848F1F1252EB00DFB93E /* Base */,
			);
			name = LaunchScreen.storyboard;
			sourceTree = "<group>";
		};
/* End PBXVariantGroup section */

/* Begin XCBuildConfiguration section */
		22FD84921F1252EB00DFB93E /* Debug */ = {
			isa = XCBuildConfiguration;
			buildSettings = {
				ALWAYS_SEARCH_USER_PATHS = NO;
				CLANG_ANALYZER_NONNULL = YES;
				CLANG_ANALYZER_NUMBER_OBJECT_CONVERSION = YES_AGGRESSIVE;
				CLANG_CXX_LANGUAGE_STANDARD = "gnu++0x";
				CLANG_CXX_LIBRARY = "libc++";
				CLANG_ENABLE_MODULES = YES;
				CLANG_ENABLE_OBJC_ARC = YES;
				CLANG_WARN_BOOL_CONVERSION = YES;
				CLANG_WARN_CONSTANT_CONVERSION = YES;
				CLANG_WARN_DIRECT_OBJC_ISA_USAGE = YES_ERROR;
				CLANG_WARN_DOCUMENTATION_COMMENTS = YES;
				CLANG_WARN_EMPTY_BODY = YES;
				CLANG_WARN_ENUM_CONVERSION = YES;
				CLANG_WARN_INFINITE_RECURSION = YES;
				CLANG_WARN_INT_CONVERSION = YES;
				CLANG_WARN_OBJC_ROOT_CLASS = YES_ERROR;
				CLANG_WARN_SUSPICIOUS_MOVE = YES;
				CLANG_WARN_UNREACHABLE_CODE = YES;
				CLANG_WARN__DUPLICATE_METHOD_MATCH = YES;
				"CODE_SIGN_IDENTITY[sdk=iphoneos*]" = "iPhone Developer";
				COPY_PHASE_STRIP = NO;
				DEBUG_INFORMATION_FORMAT = dwarf;
				ENABLE_STRICT_OBJC_MSGSEND = YES;
				ENABLE_TESTABILITY = YES;
				GCC_C_LANGUAGE_STANDARD = gnu99;
				GCC_DYNAMIC_NO_PIC = NO;
				GCC_NO_COMMON_BLOCKS = YES;
				GCC_OPTIMIZATION_LEVEL = 0;
				GCC_PREPROCESSOR_DEFINITIONS = (
					"DEBUG=1",
					"$(inherited)",
				);
				GCC_WARN_64_TO_32_BIT_CONVERSION = YES;
				GCC_WARN_ABOUT_RETURN_TYPE = YES_ERROR;
				GCC_WARN_UNDECLARED_SELECTOR = YES;
				GCC_WARN_UNINITIALIZED_AUTOS = YES_AGGRESSIVE;
				GCC_WARN_UNUSED_FUNCTION = YES;
				GCC_WARN_UNUSED_VARIABLE = YES;
				IPHONEOS_DEPLOYMENT_TARGET = 10.3;
				MTL_ENABLE_DEBUG_INFO = YES;
				ONLY_ACTIVE_ARCH = YES;
				SDKROOT = iphoneos;
			};
			name = Debug;
		};
		22FD84931F1252EB00DFB93E /* Release */ = {
			isa = XCBuildConfiguration;
			buildSettings = {
				ALWAYS_SEARCH_USER_PATHS = NO;
				CLANG_ANALYZER_NONNULL = YES;
				CLANG_ANALYZER_NUMBER_OBJECT_CONVERSION = YES_AGGRESSIVE;
				CLANG_CXX_LANGUAGE_STANDARD = "gnu++0x";
				CLANG_CXX_LIBRARY = "libc++";
				CLANG_ENABLE_MODULES = YES;
				CLANG_ENABLE_OBJC_ARC = YES;
				CLANG_WARN_BOOL_CONVERSION = YES;
				CLANG_WARN_CONSTANT_CONVERSION = YES;
				CLANG_WARN_DIRECT_OBJC_ISA_USAGE = YES_ERROR;
				CLANG_WARN_DOCUMENTATION_COMMENTS = YES;
				CLANG_WARN_EMPTY_BODY = YES;
				CLANG_WARN_ENUM_CONVERSION = YES;
				CLANG_WARN_INFINITE_RECURSION = YES;
				CLANG_WARN_INT_CONVERSION = YES;
				CLANG_WARN_OBJC_ROOT_CLASS = YES_ERROR;
				CLANG_WARN_SUSPICIOUS_MOVE = YES;
				CLANG_WARN_UNREACHABLE_CODE = YES;
				CLANG_WARN__DUPLICATE_METHOD_MATCH = YES;
				"CODE_SIGN_IDENTITY[sdk=iphoneos*]" = "iPhone Developer";
				COPY_PHASE_STRIP = NO;
				DEBUG_INFORMATION_FORMAT = "dwarf-with-dsym";
				ENABLE_NS_ASSERTIONS = NO;
				ENABLE_STRICT_OBJC_MSGSEND = YES;
				GCC_C_LANGUAGE_STANDARD = gnu99;
				GCC_NO_COMMON_BLOCKS = YES;
				GCC_WARN_64_TO_32_BIT_CONVERSION = YES;
				GCC_WARN_ABOUT_RETURN_TYPE = YES_ERROR;
				GCC_WARN_UNDECLARED_SELECTOR = YES;
				GCC_WARN_UNINITIALIZED_AUTOS = YES_AGGRESSIVE;
				GCC_WARN_UNUSED_FUNCTION = YES;
				GCC_WARN_UNUSED_VARIABLE = YES;
				IPHONEOS_DEPLOYMENT_TARGET = 10.3;
				MTL_ENABLE_DEBUG_INFO = NO;
				SDKROOT = iphoneos;
				VALIDATE_PRODUCT = YES;
			};
			name = Release;
		};
		22FD84951F1252EB00DFB93E /* Debug */ = {
			isa = XCBuildConfiguration;
			buildSettings = {
				ASSETCATALOG_COMPILER_APPICON_NAME = AppIcon;
				DEVELOPMENT_TEAM = NCFKXV5U7R;
				INFOPLIST_FILE = "Test2017-07-09/Info.plist";
				LD_RUNPATH_SEARCH_PATHS = "$(inherited) @executable_path/Frameworks";
				PRODUCT_BUNDLE_IDENTIFIER = "shuai.Test2017-07-09";
				PRODUCT_NAME = "$(TARGET_NAME)";
			};
			name = Debug;
		};
		22FD84961F1252EB00DFB93E /* Release */ = {
			isa = XCBuildConfiguration;
			buildSettings = {
				ASSETCATALOG_COMPILER_APPICON_NAME = AppIcon;
				DEVELOPMENT_TEAM = NCFKXV5U7R;
				INFOPLIST_FILE = "Test2017-07-09/Info.plist";
				LD_RUNPATH_SEARCH_PATHS = "$(inherited) @executable_path/Frameworks";
				PRODUCT_BUNDLE_IDENTIFIER = "shuai.Test2017-07-09";
				PRODUCT_NAME = "$(TARGET_NAME)";
			};
			name = Release;
		};
/* End XCBuildConfiguration section */

/* Begin XCConfigurationList section */
		22FD84781F1252EB00DFB93E /* Build configuration list for PBXProject "Test2017-07-09" */ = {
			isa = XCConfigurationList;
			buildConfigurations = (
				22FD84921F1252EB00DFB93E /* Debug */,
				22FD84931F1252EB00DFB93E /* Release */,
			);
			defaultConfigurationIsVisible = 0;
			defaultConfigurationName = Release;
		};
		22FD84941F1252EB00DFB93E /* Build configuration list for PBXNativeTarget "Test2017-07-09" */ = {
			isa = XCConfigurationList;
			buildConfigurations = (
				22FD84951F1252EB00DFB93E /* Debug */,
				22FD84961F1252EB00DFB93E /* Release */,
			);
			defaultConfigurationIsVisible = 0;
		};
/* End XCConfigurationList section */
	};
	rootObject = 22FD84751F1252EB00DFB93E /* Project object */;
}
