// !$*UTF8*$!
{
	archiveVersion = 1;
	classes = {
	};
	objectVersion = 48;
	objects = {

/* Begin PBXBuildFile section */
		223536A41FB2ED5700B476F8 /* AppDelegate.m in Sources */ = {isa = PBXBuildFile; fileRef = 223536A31FB2ED5700B476F8 /* AppDelegate.m */; };
		223536A71FB2ED5700B476F8 /* ViewController.m in Sources */ = {isa = PBXBuildFile; fileRef = 223536A61FB2ED5700B476F8 /* ViewController.m */; };
		223536AA1FB2ED5700B476F8 /* Main.storyboard in Resources */ = {isa = PBXBuildFile; fileRef = 223536A81FB2ED5700B476F8 /* Main.storyboard */; };
		223536AC1FB2ED5700B476F8 /* Assets.xcassets in Resources */ = {isa = PBXBuildFile; fileRef = 223536AB1FB2ED5700B476F8 /* Assets.xcassets */; };
		223536AF1FB2ED5700B476F8 /* LaunchScreen.storyboard in Resources */ = {isa = PBXBuildFile; fileRef = 223536AD1FB2ED5700B476F8 /* LaunchScreen.storyboard */; };
		223536B21FB2ED5700B476F8 /* main.m in Sources */ = {isa = PBXBuildFile; fileRef = 223536B11FB2ED5700B476F8 /* main.m */; };
		223536BA1FB2EDB500B476F8 /* BSTableViewController.m in Sources */ = {isa = PBXBuildFile; fileRef = 223536B91FB2EDB500B476F8 /* BSTableViewController.m */; };
		223536BE1FB2EDDC00B476F8 /* BSTableViewCell.m in Sources */ = {isa = PBXBuildFile; fileRef = 223536BC1FB2EDDC00B476F8 /* BSTableViewCell.m */; };
		223536BF1FB2EDDC00B476F8 /* BSTableViewCell.xib in Resources */ = {isa = PBXBuildFile; fileRef = 223536BD1FB2EDDC00B476F8 /* BSTableViewCell.xib */; };
/* End PBXBuildFile section */

/* Begin PBXFileReference section */
		2235369F1FB2ED5600B476F8 /* 2017年11月08日.app */ = {isa = PBXFileReference; explicitFileType = wrapper.application; includeInIndex = 0; path = "2017年11月08日.app"; sourceTree = BUILT_PRODUCTS_DIR; };
		223536A21FB2ED5700B476F8 /* AppDelegate.h */ = {isa = PBXFileReference; lastKnownFileType = sourcecode.c.h; path = AppDelegate.h; sourceTree = "<group>"; };
		223536A31FB2ED5700B476F8 /* AppDelegate.m */ = {isa = PBXFileReference; lastKnownFileType = sourcecode.c.objc; path = AppDelegate.m; sourceTree = "<group>"; };
		223536A51FB2ED5700B476F8 /* ViewController.h */ = {isa = PBXFileReference; lastKnownFileType = sourcecode.c.h; path = ViewController.h; sourceTree = "<group>"; };
		223536A61FB2ED5700B476F8 /* ViewController.m */ = {isa = PBXFileReference; lastKnownFileType = sourcecode.c.objc; path = ViewController.m; sourceTree = "<group>"; };
		223536A91FB2ED5700B476F8 /* Base */ = {isa = PBXFileReference; lastKnownFileType = file.storyboard; name = Base; path = Base.lproj/Main.storyboard; sourceTree = "<group>"; };
		223536AB1FB2ED5700B476F8 /* Assets.xcassets */ = {isa = PBXFileReference; lastKnownFileType = folder.assetcatalog; path = Assets.xcassets; sourceTree = "<group>"; };
		223536AE1FB2ED5700B476F8 /* Base */ = {isa = PBXFileReference; lastKnownFileType = file.storyboard; name = Base; path = Base.lproj/LaunchScreen.storyboard; sourceTree = "<group>"; };
		223536B01FB2ED5700B476F8 /* Info.plist */ = {isa = PBXFileReference; lastKnownFileType = text.plist.xml; path = Info.plist; sourceTree = "<group>"; };
		223536B11FB2ED5700B476F8 /* main.m */ = {isa = PBXFileReference; lastKnownFileType = sourcecode.c.objc; path = main.m; sourceTree = "<group>"; };
		223536B81FB2EDB500B476F8 /* BSTableViewController.h */ = {isa = PBXFileReference; lastKnownFileType = sourcecode.c.h; path = BSTableViewController.h; sourceTree = "<group>"; };
		223536B91FB2EDB500B476F8 /* BSTableViewController.m */ = {isa = PBXFileReference; lastKnownFileType = sourcecode.c.objc; path = BSTableViewController.m; sourceTree = "<group>"; };
		223536BB1FB2EDDC00B476F8 /* BSTableViewCell.h */ = {isa = PBXFileReference; lastKnownFileType = sourcecode.c.h; path = BSTableViewCell.h; sourceTree = "<group>"; };
		223536BC1FB2EDDC00B476F8 /* BSTableViewCell.m */ = {isa = PBXFileReference; lastKnownFileType = sourcecode.c.objc; path = BSTableViewCell.m; sourceTree = "<group>"; };
		223536BD1FB2EDDC00B476F8 /* BSTableViewCell.xib */ = {isa = PBXFileReference; lastKnownFileType = file.xib; path = BSTableViewCell.xib; sourceTree = "<group>"; };
/* End PBXFileReference section */

/* Begin PBXFrameworksBuildPhase section */
		2235369C1FB2ED5600B476F8 /* Frameworks */ = {
			isa = PBXFrameworksBuildPhase;
			buildActionMask = 2147483647;
			files = (
			);
			runOnlyForDeploymentPostprocessing = 0;
		};
/* End PBXFrameworksBuildPhase section */

/* Begin PBXGroup section */
		223536961FB2ED5600B476F8 = {
			isa = PBXGroup;
			children = (
				223536A11FB2ED5600B476F8 /* 2017年11月08日 */,
				223536A01FB2ED5600B476F8 /* Products */,
			);
			sourceTree = "<group>";
		};
		223536A01FB2ED5600B476F8 /* Products */ = {
			isa = PBXGroup;
			children = (
				2235369F1FB2ED5600B476F8 /* 2017年11月08日.app */,
			);
			name = Products;
			sourceTree = "<group>";
		};
		223536A11FB2ED5600B476F8 /* 2017年11月08日 */ = {
			isa = PBXGroup;
			children = (
				223536A21FB2ED5700B476F8 /* AppDelegate.h */,
				223536A31FB2ED5700B476F8 /* AppDelegate.m */,
				223536A51FB2ED5700B476F8 /* ViewController.h */,
				223536A61FB2ED5700B476F8 /* ViewController.m */,
				223536B81FB2EDB500B476F8 /* BSTableViewController.h */,
				223536B91FB2EDB500B476F8 /* BSTableViewController.m */,
				223536BB1FB2EDDC00B476F8 /* BSTableViewCell.h */,
				223536BC1FB2EDDC00B476F8 /* BSTableViewCell.m */,
				223536BD1FB2EDDC00B476F8 /* BSTableViewCell.xib */,
				223536A81FB2ED5700B476F8 /* Main.storyboard */,
				223536AB1FB2ED5700B476F8 /* Assets.xcassets */,
				223536AD1FB2ED5700B476F8 /* LaunchScreen.storyboard */,
				223536B01FB2ED5700B476F8 /* Info.plist */,
				223536B11FB2ED5700B476F8 /* main.m */,
			);
			path = "2017年11月08日";
			sourceTree = "<group>";
		};
/* End PBXGroup section */

/* Begin PBXNativeTarget section */
		2235369E1FB2ED5600B476F8 /* 2017年11月08日 */ = {
			isa = PBXNativeTarget;
			buildConfigurationList = 223536B51FB2ED5700B476F8 /* Build configuration list for PBXNativeTarget "2017年11月08日" */;
			buildPhases = (
				2235369B1FB2ED5600B476F8 /* Sources */,
				2235369C1FB2ED5600B476F8 /* Frameworks */,
				2235369D1FB2ED5600B476F8 /* Resources */,
			);
			buildRules = (
			);
			dependencies = (
			);
			name = "2017年11月08日";
			productName = "2017年11月08日";
			productReference = 2235369F1FB2ED5600B476F8 /* 2017年11月08日.app */;
			productType = "com.apple.product-type.application";
		};
/* End PBXNativeTarget section */

/* Begin PBXProject section */
		223536971FB2ED5600B476F8 /* Project object */ = {
			isa = PBXProject;
			attributes = {
				LastUpgradeCheck = 0910;
				ORGANIZATIONNAME = shuai;
				TargetAttributes = {
					2235369E1FB2ED5600B476F8 = {
						CreatedOnToolsVersion = 9.1;
						ProvisioningStyle = Automatic;
					};
				};
			};
			buildConfigurationList = 2235369A1FB2ED5600B476F8 /* Build configuration list for PBXProject "2017年11月08日" */;
			compatibilityVersion = "Xcode 8.0";
			developmentRegion = en;
			hasScannedForEncodings = 0;
			knownRegions = (
				en,
				Base,
			);
			mainGroup = 223536961FB2ED5600B476F8;
			productRefGroup = 223536A01FB2ED5600B476F8 /* Products */;
			projectDirPath = "";
			projectRoot = "";
			targets = (
				2235369E1FB2ED5600B476F8 /* 2017年11月08日 */,
			);
		};
/* End PBXProject section */

/* Begin PBXResourcesBuildPhase section */
		2235369D1FB2ED5600B476F8 /* Resources */ = {
			isa = PBXResourcesBuildPhase;
			buildActionMask = 2147483647;
			files = (
				223536BF1FB2EDDC00B476F8 /* BSTableViewCell.xib in Resources */,
				223536AF1FB2ED5700B476F8 /* LaunchScreen.storyboard in Resources */,
				223536AC1FB2ED5700B476F8 /* Assets.xcassets in Resources */,
				223536AA1FB2ED5700B476F8 /* Main.storyboard in Resources */,
			);
			runOnlyForDeploymentPostprocessing = 0;
		};
/* End PBXResourcesBuildPhase section */

/* Begin PBXSourcesBuildPhase section */
		2235369B1FB2ED5600B476F8 /* Sources */ = {
			isa = PBXSourcesBuildPhase;
			buildActionMask = 2147483647;
			files = (
				223536BE1FB2EDDC00B476F8 /* BSTableViewCell.m in Sources */,
				223536A71FB2ED5700B476F8 /* ViewController.m in Sources */,
				223536B21FB2ED5700B476F8 /* main.m in Sources */,
				223536BA1FB2EDB500B476F8 /* BSTableViewController.m in Sources */,
				223536A41FB2ED5700B476F8 /* AppDelegate.m in Sources */,
			);
			runOnlyForDeploymentPostprocessing = 0;
		};
/* End PBXSourcesBuildPhase section */

/* Begin PBXVariantGroup section */
		223536A81FB2ED5700B476F8 /* Main.storyboard */ = {
			isa = PBXVariantGroup;
			children = (
				223536A91FB2ED5700B476F8 /* Base */,
			);
			name = Main.storyboard;
			sourceTree = "<group>";
		};
		223536AD1FB2ED5700B476F8 /* LaunchScreen.storyboard */ = {
			isa = PBXVariantGroup;
			children = (
				223536AE1FB2ED5700B476F8 /* Base */,
			);
			name = LaunchScreen.storyboard;
			sourceTree = "<group>";
		};
/* End PBXVariantGroup section */

/* Begin XCBuildConfiguration section */
		223536B31FB2ED5700B476F8 /* Debug */ = {
			isa = XCBuildConfiguration;
			buildSettings = {
				ALWAYS_SEARCH_USER_PATHS = NO;
				CLANG_ANALYZER_NONNULL = YES;
				CLANG_ANALYZER_NUMBER_OBJECT_CONVERSION = YES_AGGRESSIVE;
				CLANG_CXX_LANGUAGE_STANDARD = "gnu++14";
				CLANG_CXX_LIBRARY = "libc++";
				CLANG_ENABLE_MODULES = YES;
				CLANG_ENABLE_OBJC_ARC = YES;
				CLANG_WARN_BLOCK_CAPTURE_AUTORELEASING = YES;
				CLANG_WARN_BOOL_CONVERSION = YES;
				CLANG_WARN_COMMA = YES;
				CLANG_WARN_CONSTANT_CONVERSION = YES;
				CLANG_WARN_DIRECT_OBJC_ISA_USAGE = YES_ERROR;
				CLANG_WARN_DOCUMENTATION_COMMENTS = YES;
				CLANG_WARN_EMPTY_BODY = YES;
				CLANG_WARN_ENUM_CONVERSION = YES;
				CLANG_WARN_INFINITE_RECURSION = YES;
				CLANG_WARN_INT_CONVERSION = YES;
				CLANG_WARN_NON_LITERAL_NULL_CONVERSION = YES;
				CLANG_WARN_OBJC_LITERAL_CONVERSION = YES;
				CLANG_WARN_OBJC_ROOT_CLASS = YES_ERROR;
				CLANG_WARN_RANGE_LOOP_ANALYSIS = YES;
				CLANG_WARN_STRICT_PROTOTYPES = YES;
				CLANG_WARN_SUSPICIOUS_MOVE = YES;
				CLANG_WARN_UNGUARDED_AVAILABILITY = YES_AGGRESSIVE;
				CLANG_WARN_UNREACHABLE_CODE = YES;
				CLANG_WARN__DUPLICATE_METHOD_MATCH = YES;
				CODE_SIGN_IDENTITY = "iPhone Developer";
				COPY_PHASE_STRIP = NO;
				DEBUG_INFORMATION_FORMAT = dwarf;
				ENABLE_STRICT_OBJC_MSGSEND = YES;
				ENABLE_TESTABILITY = YES;
				GCC_C_LANGUAGE_STANDARD = gnu11;
				GCC_DYNAMIC_NO_PIC = NO;
				GCC_NO_COMMON_BLOCKS = YES;
				GCC_OPTIMIZATION_LEVEL = 0;
				GCC_PREPROCESSOR_DEFINITIONS = (
					"DEBUG=1",
					"$(inherited)",
				);
				GCC_WARN_64_TO_32_BIT_CONVERSION = YES;
				GCC_WARN_ABOUT_RETURN_TYPE = YES_ERROR;
				GCC_WARN_UNDECLARED_SELECTOR = YES;
				GCC_WARN_UNINITIALIZED_AUTOS = YES_AGGRESSIVE;
				GCC_WARN_UNUSED_FUNCTION = YES;
				GCC_WARN_UNUSED_VARIABLE = YES;
				IPHONEOS_DEPLOYMENT_TARGET = 11.1;
				MTL_ENABLE_DEBUG_INFO = YES;
				ONLY_ACTIVE_ARCH = YES;
				SDKROOT = iphoneos;
			};
			name = Debug;
		};
		223536B41FB2ED5700B476F8 /* Release */ = {
			isa = XCBuildConfiguration;
			buildSettings = {
				ALWAYS_SEARCH_USER_PATHS = NO;
				CLANG_ANALYZER_NONNULL = YES;
				CLANG_ANALYZER_NUMBER_OBJECT_CONVERSION = YES_AGGRESSIVE;
				CLANG_CXX_LANGUAGE_STANDARD = "gnu++14";
				CLANG_CXX_LIBRARY = "libc++";
				CLANG_ENABLE_MODULES = YES;
				CLANG_ENABLE_OBJC_ARC = YES;
				CLANG_WARN_BLOCK_CAPTURE_AUTORELEASING = YES;
				CLANG_WARN_BOOL_CONVERSION = YES;
				CLANG_WARN_COMMA = YES;
				CLANG_WARN_CONSTANT_CONVERSION = YES;
				CLANG_WARN_DIRECT_OBJC_ISA_USAGE = YES_ERROR;
				CLANG_WARN_DOCUMENTATION_COMMENTS = YES;
				CLANG_WARN_EMPTY_BODY = YES;
				CLANG_WARN_ENUM_CONVERSION = YES;
				CLANG_WARN_INFINITE_RECURSION = YES;
				CLANG_WARN_INT_CONVERSION = YES;
				CLANG_WARN_NON_LITERAL_NULL_CONVERSION = YES;
				CLANG_WARN_OBJC_LITERAL_CONVERSION = YES;
				CLANG_WARN_OBJC_ROOT_CLASS = YES_ERROR;
				CLANG_WARN_RANGE_LOOP_ANALYSIS = YES;
				CLANG_WARN_STRICT_PROTOTYPES = YES;
				CLANG_WARN_SUSPICIOUS_MOVE = YES;
				CLANG_WARN_UNGUARDED_AVAILABILITY = YES_AGGRESSIVE;
				CLANG_WARN_UNREACHABLE_CODE = YES;
				CLANG_WARN__DUPLICATE_METHOD_MATCH = YES;
				CODE_SIGN_IDENTITY = "iPhone Developer";
				COPY_PHASE_STRIP = NO;
				DEBUG_INFORMATION_FORMAT = "dwarf-with-dsym";
				ENABLE_NS_ASSERTIONS = NO;
				ENABLE_STRICT_OBJC_MSGSEND = YES;
				GCC_C_LANGUAGE_STANDARD = gnu11;
				GCC_NO_COMMON_BLOCKS = YES;
				GCC_WARN_64_TO_32_BIT_CONVERSION = YES;
				GCC_WARN_ABOUT_RETURN_TYPE = YES_ERROR;
				GCC_WARN_UNDECLARED_SELECTOR = YES;
				GCC_WARN_UNINITIALIZED_AUTOS = YES_AGGRESSIVE;
				GCC_WARN_UNUSED_FUNCTION = YES;
				GCC_WARN_UNUSED_VARIABLE = YES;
				IPHONEOS_DEPLOYMENT_TARGET = 11.1;
				MTL_ENABLE_DEBUG_INFO = NO;
				SDKROOT = iphoneos;
				VALIDATE_PRODUCT = YES;
			};
			name = Release;
		};
		223536B61FB2ED5700B476F8 /* Debug */ = {
			isa = XCBuildConfiguration;
			buildSettings = {
				ASSETCATALOG_COMPILER_APPICON_NAME = AppIcon;
				CODE_SIGN_STYLE = Automatic;
				DEVELOPMENT_TEAM = NCFKXV5U7R;
				INFOPLIST_FILE = "2017年11月08日/Info.plist";
				LD_RUNPATH_SEARCH_PATHS = "$(inherited) @executable_path/Frameworks";
				PRODUCT_BUNDLE_IDENTIFIER = "shuai.-017-11-08-";
				PRODUCT_NAME = "$(TARGET_NAME)";
				TARGETED_DEVICE_FAMILY = "1,2";
			};
			name = Debug;
		};
		223536B71FB2ED5700B476F8 /* Release */ = {
			isa = XCBuildConfiguration;
			buildSettings = {
				ASSETCATALOG_COMPILER_APPICON_NAME = AppIcon;
				CODE_SIGN_STYLE = Automatic;
				DEVELOPMENT_TEAM = NCFKXV5U7R;
				INFOPLIST_FILE = "2017年11月08日/Info.plist";
				LD_RUNPATH_SEARCH_PATHS = "$(inherited) @executable_path/Frameworks";
				PRODUCT_BUNDLE_IDENTIFIER = "shuai.-017-11-08-";
				PRODUCT_NAME = "$(TARGET_NAME)";
				TARGETED_DEVICE_FAMILY = "1,2";
			};
			name = Release;
		};
/* End XCBuildConfiguration section */

/* Begin XCConfigurationList section */
		2235369A1FB2ED5600B476F8 /* Build configuration list for PBXProject "2017年11月08日" */ = {
			isa = XCConfigurationList;
			buildConfigurations = (
				223536B31FB2ED5700B476F8 /* Debug */,
				223536B41FB2ED5700B476F8 /* Release */,
			);
			defaultConfigurationIsVisible = 0;
			defaultConfigurationName = Release;
		};
		223536B51FB2ED5700B476F8 /* Build configuration list for PBXNativeTarget "2017年11月08日" */ = {
			isa = XCConfigurationList;
			buildConfigurations = (
				223536B61FB2ED5700B476F8 /* Debug */,
				223536B71FB2ED5700B476F8 /* Release */,
			);
			defaultConfigurationIsVisible = 0;
			defaultConfigurationName = Release;
		};
/* End XCConfigurationList section */
	};
	rootObject = 223536971FB2ED5600B476F8 /* Project object */;
}
